
Microsoft Visual Studio Solution File, Format Version 9.00
# Visual C++ Express 2005
Project("{8BC9CEB8-8B4A-11D0-8D11-00A0C91BC942}") = "FreeCAD_widgets", "FreeCAD_widgets.vcproj", "{50CDC58F-0FF6-3CFA-BF66-E79DA98E7DF0}"
EndProject
Global
	GlobalSection(SolutionConfigurationPlatforms) = preSolution
		Debug|Win32 = Debug|Win32
		Release|Win32 = Release|Win32
	EndGlobalSection
	GlobalSection(ProjectConfigurationPlatforms) = postSolution
		{50CDC58F-0FF6-3CFA-BF66-E79DA98E7DF0}.Debug|Win32.ActiveCfg = Debug|Win32
		{50CDC58F-0FF6-3CFA-BF66-E79DA98E7DF0}.Debug|Win32.Build.0 = Debug|Win32
		{50CDC58F-0FF6-3CFA-BF66-E79DA98E7DF0}.Release|Win32.ActiveCfg = Release|Win32
		{50CDC58F-0FF6-3CFA-BF66-E79DA98E7DF0}.Release|Win32.Build.0 = Release|Win32
	EndGlobalSection
	GlobalSection(SolutionProperties) = preSolution
		HideSolutionNode = FALSE
	EndGlobalSection
EndGlobal
