<?xml version="1.0" encoding="utf-8"?>
<Project ToolsVersion="4.0" xmlns="http://schemas.microsoft.com/developer/msbuild/2003">
  <ItemGroup>
    <Filter Include="Source Files">
      <UniqueIdentifier>{4FC737F1-C7A5-4376-A066-2A32D752A2FF}</UniqueIdentifier>
      <Extensions>cpp;c;cc;cxx;c++;cppm;ixx;def;odl;idl;hpj;bat;asm;asmx</Extensions>
    </Filter>
    <Filter Include="Header Files">
      <UniqueIdentifier>{93995380-89BD-4b04-88EB-625FBE52EBFB}</UniqueIdentifier>
      <Extensions>h;hh;hpp;hxx;h++;hm;inl;inc;ipp;xsd</Extensions>
    </Filter>
    <Filter Include="Resource Files">
      <UniqueIdentifier>{67DA6AB6-F800-4c08-8B7A-83BB121AAD01}</UniqueIdentifier>
      <Extensions>rc;ico;cur;bmp;dlg;rc2;rct;bin;rgs;gif;jpg;jpeg;jpe;resx;tiff;tif;png;wav;mfcribbon-ms</Extensions>
    </Filter>
  </ItemGroup>
  <ItemGroup>
    <ClCompile Include="Array.cpp">
      <Filter>Source Files</Filter>
    </ClCompile>
    <ClCompile Include="Item.cpp">
      <Filter>Source Files</Filter>
    </ClCompile>
    <ClCompile Include="Solver.cpp">
      <Filter>Source Files</Filter>
    </ClCompile>
    <ClCompile Include="System.cpp">
      <Filter>Source Files</Filter>
    </ClCompile>
    <ClCompile Include="SystemSolver.cpp">
      <Filter>Source Files</Filter>
    </ClCompile>
    <ClCompile Include="NewtonRaphson.cpp">
      <Filter>Source Files</Filter>
    </ClCompile>
    <ClCompile Include="Joint.cpp">
      <Filter>Source Files</Filter>
    </ClCompile>
    <ClCompile Include="Part.cpp">
      <Filter>Source Files</Filter>
    </ClCompile>
    <ClCompile Include="FullColumn.cpp">
      <Filter>Source Files</Filter>
    </ClCompile>
    <ClCompile Include="PartFrame.cpp">
      <Filter>Source Files</Filter>
    </ClCompile>
    <ClCompile Include="AbsConstraint.cpp">
      <Filter>Source Files</Filter>
    </ClCompile>
    <ClCompile Include="CartesianFrame.cpp">
      <Filter>Source Files</Filter>
    </ClCompile>
    <ClCompile Include="Constraint.cpp">
      <Filter>Source Files</Filter>
    </ClCompile>
    <ClCompile Include="EulerConstraint.cpp">
      <Filter>Source Files</Filter>
    </ClCompile>
    <ClCompile Include="FullRow.cpp">
      <Filter>Source Files</Filter>
    </ClCompile>
    <ClCompile Include="MarkerFrame.cpp">
      <Filter>Source Files</Filter>
    </ClCompile>
    <ClCompile Include="DiagonalMatrix.cpp">
      <Filter>Source Files</Filter>
    </ClCompile>
    <ClCompile Include="FullMatrix.cpp">
      <Filter>Source Files</Filter>
    </ClCompile>
    <ClCompile Include="RowTypeMatrix.cpp">
      <Filter>Source Files</Filter>
    </ClCompile>
    <ClCompile Include="EndFramec.cpp">
      <Filter>Source Files</Filter>
    </ClCompile>
    <ClCompile Include="EndFrameqc.cpp">
      <Filter>Source Files</Filter>
    </ClCompile>
    <ClCompile Include="EndFrameqct.cpp">
      <Filter>Source Files</Filter>
    </ClCompile>
    <ClCompile Include="FullVector.cpp">
      <Filter>Source Files</Filter>
    </ClCompile>
    <ClCompile Include="SparseColumn.cpp">
      <Filter>Source Files</Filter>
    </ClCompile>
    <ClCompile Include="SparseMatrix.cpp">
      <Filter>Source Files</Filter>
    </ClCompile>
    <ClCompile Include="SparseRow.cpp">
      <Filter>Source Files</Filter>
    </ClCompile>
    <ClCompile Include="SparseVector.cpp">
      <Filter>Source Files</Filter>
    </ClCompile>
    <ClCompile Include="RevoluteJoint.cpp">
      <Filter>Source Files</Filter>
    </ClCompile>
    <ClCompile Include="CylindricalJoint.cpp">
      <Filter>Source Files</Filter>
    </ClCompile>
    <ClCompile Include="PrescribedMotion.cpp">
      <Filter>Source Files</Filter>
    </ClCompile>
    <ClCompile Include="ZRotation.cpp">
      <Filter>Source Files</Filter>
    </ClCompile>
    <ClCompile Include="EulerArray.cpp">
      <Filter>Source Files</Filter>
    </ClCompile>
    <ClCompile Include="EulerParameters.cpp">
      <Filter>Source Files</Filter>
    </ClCompile>
    <ClCompile Include="Symbolic.cpp">
      <Filter>Source Files</Filter>
    </ClCompile>
    <ClCompile Include="Variable.cpp">
      <Filter>Source Files</Filter>
    </ClCompile>
    <ClCompile Include="IndependentVariable.cpp">
      <Filter>Source Files</Filter>
    </ClCompile>
    <ClCompile Include="Time.cpp">
      <Filter>Source Files</Filter>
    </ClCompile>
    <ClCompile Include="UserFunction.cpp">
      <Filter>Source Files</Filter>
    </ClCompile>
    <ClCompile Include="BasicUserFunction.cpp">
      <Filter>Source Files</Filter>
    </ClCompile>
    <ClCompile Include="Constant.cpp">
      <Filter>Source Files</Filter>
    </ClCompile>
    <ClCompile Include="ConstraintIJ.cpp">
      <Filter>Source Files</Filter>
    </ClCompile>
    <ClCompile Include="DirectionCosineConstraintIJ.cpp">
      <Filter>Source Files</Filter>
    </ClCompile>
    <ClCompile Include="KinematicIeJe.cpp">
      <Filter>Source Files</Filter>
    </ClCompile>
    <ClCompile Include="DirectionCosineIecJec.cpp">
      <Filter>Source Files</Filter>
    </ClCompile>
    <ClCompile Include="DirectionCosineIeqcJec.cpp">
      <Filter>Source Files</Filter>
    </ClCompile>
    <ClCompile Include="DirectionCosineIeqcJeqc.cpp">
      <Filter>Source Files</Filter>
    </ClCompile>
    <ClCompile Include="DirectionCosineIeqctJeqc.cpp">
      <Filter>Source Files</Filter>
    </ClCompile>
    <ClCompile Include="Function.cpp">
      <Filter>Source Files</Filter>
    </ClCompile>
    <ClCompile Include="FunctionWithManyArgs.cpp">
      <Filter>Source Files</Filter>
    </ClCompile>
    <ClCompile Include="Product.cpp">
      <Filter>Source Files</Filter>
    </ClCompile>
    <ClCompile Include="Sum.cpp">
      <Filter>Source Files</Filter>
    </ClCompile>
    <ClCompile Include="FunctionX.cpp">
      <Filter>Source Files</Filter>
    </ClCompile>
    <ClCompile Include="ExpressionX.cpp">
      <Filter>Source Files</Filter>
    </ClCompile>
    <ClCompile Include="DirectionCosineConstraintIqcJc.cpp">
      <Filter>Source Files</Filter>
    </ClCompile>
    <ClCompile Include="DirectionCosineConstraintIqcJqc.cpp">
      <Filter>Source Files</Filter>
    </ClCompile>
    <ClCompile Include="DirectionCosineConstraintIqctJqc.cpp">
      <Filter>Source Files</Filter>
    </ClCompile>
    <ClCompile Include="TranslationConstraintIJ.cpp">
      <Filter>Source Files</Filter>
    </ClCompile>
    <ClCompile Include="TranslationConstraintIqcJc.cpp">
      <Filter>Source Files</Filter>
    </ClCompile>
    <ClCompile Include="TranslationConstraintIqcJqc.cpp">
      <Filter>Source Files</Filter>
    </ClCompile>
    <ClCompile Include="TranslationConstraintIqctJqc.cpp">
      <Filter>Source Files</Filter>
    </ClCompile>
    <ClCompile Include="DispCompIecJecKec.cpp">
      <Filter>Source Files</Filter>
    </ClCompile>
    <ClCompile Include="DispCompIecJecKeqc.cpp">
      <Filter>Source Files</Filter>
    </ClCompile>
    <ClCompile Include="DispCompIeqcJecKeqc.cpp">
      <Filter>Source Files</Filter>
    </ClCompile>
    <ClCompile Include="DispCompIeqcJeqcKeqc.cpp">
      <Filter>Source Files</Filter>
    </ClCompile>
    <ClCompile Include="DispCompIeqcJeqcKeqct.cpp">
      <Filter>Source Files</Filter>
    </ClCompile>
    <ClCompile Include="DispCompIeqctJeqcKeqct.cpp">
      <Filter>Source Files</Filter>
    </ClCompile>
    <ClCompile Include="AtPointConstraintIJ.cpp">
      <Filter>Source Files</Filter>
    </ClCompile>
    <ClCompile Include="AtPointConstraintIqcJc.cpp">
      <Filter>Source Files</Filter>
    </ClCompile>
    <ClCompile Include="AtPointConstraintIqcJqc.cpp">
      <Filter>Source Files</Filter>
    </ClCompile>
    <ClCompile Include="AtPointConstraintIqctJqc.cpp">
      <Filter>Source Files</Filter>
    </ClCompile>
    <ClCompile Include="DispCompIecJecO.cpp">
      <Filter>Source Files</Filter>
    </ClCompile>
    <ClCompile Include="DispCompIeqcJecO.cpp">
      <Filter>Source Files</Filter>
    </ClCompile>
    <ClCompile Include="DispCompIeqcJeqcO.cpp">
      <Filter>Source Files</Filter>
    </ClCompile>
    <ClCompile Include="DispCompIeqctJeqcO.cpp">
      <Filter>Source Files</Filter>
    </ClCompile>
    <ClCompile Include="Integrator.cpp">
      <Filter>Source Files</Filter>
    </ClCompile>
    <ClCompile Include="IntegratorInterface.cpp">
      <Filter>Source Files</Filter>
    </ClCompile>
    <ClCompile Include="BasicIntegrator.cpp">
      <Filter>Source Files</Filter>
    </ClCompile>
    <ClCompile Include="QuasiIntegrator.cpp">
      <Filter>Source Files</Filter>
    </ClCompile>
    <ClCompile Include="KineIntegrator.cpp">
      <Filter>Source Files</Filter>
    </ClCompile>
    <ClCompile Include="BasicQuasiIntegrator.cpp">
      <Filter>Source Files</Filter>
    </ClCompile>
    <ClCompile Include="MatrixSolver.cpp">
      <Filter>Source Files</Filter>
    </ClCompile>
    <ClCompile Include="MatrixGaussElimination.cpp">
      <Filter>Source Files</Filter>
    </ClCompile>
    <ClCompile Include="GESpMat.cpp">
      <Filter>Source Files</Filter>
    </ClCompile>
    <ClCompile Include="GESpMatFullPv.cpp">
      <Filter>Source Files</Filter>
    </ClCompile>
    <ClCompile Include="GESpMatFullPvPosIC.cpp">
      <Filter>Source Files</Filter>
    </ClCompile>
    <ClCompile Include="GESpMatParPv.cpp">
      <Filter>Source Files</Filter>
    </ClCompile>
    <ClCompile Include="GESpMatParPvMarko.cpp">
      <Filter>Source Files</Filter>
    </ClCompile>
    <ClCompile Include="GESpMatParPvMarkoFast.cpp">
      <Filter>Source Files</Filter>
    </ClCompile>
    <ClCompile Include="GESpMatParPvPrecise.cpp">
      <Filter>Source Files</Filter>
    </ClCompile>
    <ClCompile Include="AnyPosICNewtonRaphson.cpp">
      <Filter>Source Files</Filter>
    </ClCompile>
    <ClCompile Include="PosICKineNewtonRaphson.cpp">
      <Filter>Source Files</Filter>
    </ClCompile>
    <ClCompile Include="PosICNewtonRaphson.cpp">
      <Filter>Source Files</Filter>
    </ClCompile>
    <ClCompile Include="PosKineNewtonRaphson.cpp">
      <Filter>Source Files</Filter>
    </ClCompile>
    <ClCompile Include="PosNewtonRaphson.cpp">
      <Filter>Source Files</Filter>
    </ClCompile>
    <ClCompile Include="ScalarNewtonRaphson.cpp">
      <Filter>Source Files</Filter>
    </ClCompile>
    <ClCompile Include="SystemNewtonRaphson.cpp">
      <Filter>Source Files</Filter>
    </ClCompile>
    <ClCompile Include="VectorNewtonRaphson.cpp">
      <Filter>Source Files</Filter>
    </ClCompile>
    <ClCompile Include="EulerParametersDot.cpp">
      <Filter>Source Files</Filter>
    </ClCompile>
    <ClCompile Include="CREATE.cpp">
      <Filter>Source Files</Filter>
    </ClCompile>
    <ClCompile Include="SingularMatrixError.cpp">
      <Filter>Source Files</Filter>
    </ClCompile>
    <ClCompile Include="EulerAngleszxz.cpp">
      <Filter>Source Files</Filter>
    </ClCompile>
    <ClCompile Include="GEFullMat.cpp">
      <Filter>Source Files</Filter>
    </ClCompile>
    <ClCompile Include="GEFullMatFullPv.cpp">
      <Filter>Source Files</Filter>
    </ClCompile>
    <ClCompile Include="GEFullMatParPv.cpp">
      <Filter>Source Files</Filter>
    </ClCompile>
    <ClCompile Include="ForceTorqueItem.cpp">
      <Filter>Source Files</Filter>
    </ClCompile>
    <ClCompile Include="RedundantConstraint.cpp">
      <Filter>Source Files</Filter>
    </ClCompile>
    <ClCompile Include="NewtonRaphsonError.cpp">
      <Filter>Source Files</Filter>
    </ClCompile>
    <ClCompile Include="MaximumIterationError.cpp">
      <Filter>Source Files</Filter>
    </ClCompile>
    <ClCompile Include="SimulationStoppingError.cpp">
      <Filter>Source Files</Filter>
    </ClCompile>
    <ClCompile Include="DifferenceOperator.cpp">
      <Filter>Source Files</Filter>
    </ClCompile>
    <ClCompile Include="NotKinematicError.cpp">
      <Filter>Source Files</Filter>
    </ClCompile>
    <ClCompile Include="ICKineIntegrator.cpp">
      <Filter>Source Files</Filter>
    </ClCompile>
    <ClCompile Include="DiscontinuityError.cpp">
      <Filter>Source Files</Filter>
    </ClCompile>
    <ClCompile Include="LinearMultiStepMethod.cpp">
      <Filter>Source Files</Filter>
    </ClCompile>
    <ClCompile Include="StableBackwardDifference.cpp">
      <Filter>Source Files</Filter>
    </ClCompile>
    <ClCompile Include="TooSmallStepSizeError.cpp">
      <Filter>Source Files</Filter>
    </ClCompile>
    <ClCompile Include="TooManyTriesError.cpp">
      <Filter>Source Files</Filter>
    </ClCompile>
    <ClCompile Include="MatrixDecomposition.cpp">
      <Filter>Source Files</Filter>
    </ClCompile>
    <ClCompile Include="MatrixLDU.cpp">
      <Filter>Source Files</Filter>
    </ClCompile>
    <ClCompile Include="LDUFullMat.cpp">
      <Filter>Source Files</Filter>
    </ClCompile>
    <ClCompile Include="LDUFullMatParPv.cpp">
      <Filter>Source Files</Filter>
    </ClCompile>
    <ClCompile Include="LDUSpMat.cpp">
      <Filter>Source Files</Filter>
    </ClCompile>
    <ClCompile Include="LDUSpMatParPv.cpp">
      <Filter>Source Files</Filter>
    </ClCompile>
    <ClCompile Include="LDUSpMatParPvMarko.cpp">
      <Filter>Source Files</Filter>
    </ClCompile>
    <ClCompile Include="LDUSpMatParPvPrecise.cpp">
      <Filter>Source Files</Filter>
    </ClCompile>
    <ClCompile Include="VelSolver.cpp">
      <Filter>Source Files</Filter>
    </ClCompile>
    <ClCompile Include="VelICSolver.cpp">
      <Filter>Source Files</Filter>
    </ClCompile>
    <ClCompile Include="VelICKineSolver.cpp">
      <Filter>Source Files</Filter>
    </ClCompile>
    <ClCompile Include="VelKineSolver.cpp">
      <Filter>Source Files</Filter>
    </ClCompile>
    <ClCompile Include="EulerAngleszxzDot.cpp">
      <Filter>Source Files</Filter>
    </ClCompile>
    <ClCompile Include="EulerAngleszxzDDot.cpp">
      <Filter>Source Files</Filter>
    </ClCompile>
    <ClCompile Include="AccNewtonRaphson.cpp">
      <Filter>Source Files</Filter>
    </ClCompile>
    <ClCompile Include="AccICNewtonRaphson.cpp">
      <Filter>Source Files</Filter>
    </ClCompile>
    <ClCompile Include="AccKineNewtonRaphson.cpp">
      <Filter>Source Files</Filter>
    </ClCompile>
    <ClCompile Include="AccICKineNewtonRaphson.cpp">
      <Filter>Source Files</Filter>
    </ClCompile>
    <ClCompile Include="EulerParametersDDot.cpp">
      <Filter>Source Files</Filter>
    </ClCompile>
    <ClCompile Include="StateData.cpp">
      <Filter>Source Files</Filter>
    </ClCompile>
    <ClCompile Include="PosVelAccData.cpp">
      <Filter>Source Files</Filter>
    </ClCompile>
    <ClCompile Include="CADSystem.cpp">
      <Filter>Source Files</Filter>
    </ClCompile>
    <ClCompile Include="ForceTorqueData.cpp">
      <Filter>Source Files</Filter>
    </ClCompile>
    <ClCompile Include="ConstVelConstraintIJ.cpp">
      <Filter>Source Files</Filter>
    </ClCompile>
    <ClCompile Include="ConstVelConstraintIqcJc.cpp">
      <Filter>Source Files</Filter>
    </ClCompile>
    <ClCompile Include="ConstVelConstraintIqcJqc.cpp">
      <Filter>Source Files</Filter>
    </ClCompile>
    <ClCompile Include="DistanceConstraintIJ.cpp">
      <Filter>Source Files</Filter>
    </ClCompile>
    <ClCompile Include="DistanceConstraintIqcJc.cpp">
      <Filter>Source Files</Filter>
    </ClCompile>
    <ClCompile Include="DistanceConstraintIqcJqc.cpp">
      <Filter>Source Files</Filter>
    </ClCompile>
    <ClCompile Include="DistanceConstraintIqctJqc.cpp">
      <Filter>Source Files</Filter>
    </ClCompile>
    <ClCompile Include="DistIecJec.cpp">
      <Filter>Source Files</Filter>
    </ClCompile>
    <ClCompile Include="DistIeqcJec.cpp">
      <Filter>Source Files</Filter>
    </ClCompile>
    <ClCompile Include="DistIeqcJeqc.cpp">
      <Filter>Source Files</Filter>
    </ClCompile>
    <ClCompile Include="DistIeqctJeqc.cpp">
      <Filter>Source Files</Filter>
    </ClCompile>
    <ClCompile Include="AngleJoint.cpp">
      <Filter>Source Files</Filter>
    </ClCompile>
    <ClCompile Include="DistancexyConstraintIJ.cpp">
      <Filter>Source Files</Filter>
    </ClCompile>
    <ClCompile Include="DispCompIecJecIe.cpp">
      <Filter>Source Files</Filter>
    </ClCompile>
    <ClCompile Include="DistancexyConstraintIqcJc.cpp">
      <Filter>Source Files</Filter>
    </ClCompile>
    <ClCompile Include="DispCompIeqcJecIe.cpp">
      <Filter>Source Files</Filter>
    </ClCompile>
    <ClCompile Include="DispCompIeqcJeqcIe.cpp">
      <Filter>Source Files</Filter>
    </ClCompile>
    <ClCompile Include="DispCompIeqctJeqcIe.cpp">
      <Filter>Source Files</Filter>
    </ClCompile>
    <ClCompile Include="DistancexyConstraintIqcJqc.cpp">
      <Filter>Source Files</Filter>
    </ClCompile>
    <ClCompile Include="GearConstraintIJ.cpp">
      <Filter>Source Files</Filter>
    </ClCompile>
    <ClCompile Include="OrbitAngleZIecJec.cpp">
      <Filter>Source Files</Filter>
    </ClCompile>
    <ClCompile Include="OrbitAngleZIeqcJec.cpp">
      <Filter>Source Files</Filter>
    </ClCompile>
    <ClCompile Include="OrbitAngleZIeqcJeqc.cpp">
      <Filter>Source Files</Filter>
    </ClCompile>
    <ClCompile Include="MbdMath.cpp">
      <Filter>Source Files</Filter>
    </ClCompile>
    <ClCompile Include="Numeric.cpp">
      <Filter>Source Files</Filter>
    </ClCompile>
    <ClCompile Include="AngleZIecJec.cpp">
      <Filter>Source Files</Filter>
    </ClCompile>
    <ClCompile Include="AngleZIeqcJec.cpp">
      <Filter>Source Files</Filter>
    </ClCompile>
    <ClCompile Include="AngleZIeqcJeqc.cpp">
      <Filter>Source Files</Filter>
    </ClCompile>
    <ClCompile Include="GearConstraintIqcJc.cpp">
      <Filter>Source Files</Filter>
    </ClCompile>
    <ClCompile Include="GearConstraintIqcJqc.cpp">
      <Filter>Source Files</Filter>
    </ClCompile>
    <ClCompile Include="RackPinConstraintIJ.cpp">
      <Filter>Source Files</Filter>
    </ClCompile>
    <ClCompile Include="RackPinConstraintIqcJc.cpp">
      <Filter>Source Files</Filter>
    </ClCompile>
    <ClCompile Include="RackPinConstraintIqcJqc.cpp">
      <Filter>Source Files</Filter>
    </ClCompile>
    <ClCompile Include="ScrewConstraintIJ.cpp">
      <Filter>Source Files</Filter>
    </ClCompile>
    <ClCompile Include="ScrewConstraintIqcJc.cpp">
      <Filter>Source Files</Filter>
    </ClCompile>
    <ClCompile Include="ScrewConstraintIqcJqc.cpp">
      <Filter>Source Files</Filter>
    </ClCompile>
    <ClCompile Include="ConstantVelocityJoint.cpp">
      <Filter>Source Files</Filter>
    </ClCompile>
    <ClCompile Include="CylSphJoint.cpp">
      <Filter>Source Files</Filter>
    </ClCompile>
    <ClCompile Include="FixedJoint.cpp">
      <Filter>Source Files</Filter>
    </ClCompile>
    <ClCompile Include="GearJoint.cpp">
      <Filter>Source Files</Filter>
    </ClCompile>
    <ClCompile Include="PointInLineJoint.cpp">
      <Filter>Source Files</Filter>
    </ClCompile>
    <ClCompile Include="InPlaneJoint.cpp">
      <Filter>Source Files</Filter>
    </ClCompile>
    <ClCompile Include="LineInPlaneJoint.cpp">
      <Filter>Source Files</Filter>
    </ClCompile>
    <ClCompile Include="PlanarJoint.cpp">
      <Filter>Source Files</Filter>
    </ClCompile>
    <ClCompile Include="PointInPlaneJoint.cpp">
      <Filter>Source Files</Filter>
    </ClCompile>
    <ClCompile Include="NoRotationJoint.cpp">
      <Filter>Source Files</Filter>
    </ClCompile>
    <ClCompile Include="ParallelAxesJoint.cpp">
      <Filter>Source Files</Filter>
    </ClCompile>
    <ClCompile Include="PerpendicularJoint.cpp">
      <Filter>Source Files</Filter>
    </ClCompile>
    <ClCompile Include="FullMotion.cpp">
      <Filter>Source Files</Filter>
    </ClCompile>
    <ClCompile Include="Orientation.cpp">
      <Filter>Source Files</Filter>
    </ClCompile>
    <ClCompile Include="Translation.cpp">
      <Filter>Source Files</Filter>
    </ClCompile>
    <ClCompile Include="ZTranslation.cpp">
      <Filter>Source Files</Filter>
    </ClCompile>
    <ClCompile Include="RackPinJoint.cpp">
      <Filter>Source Files</Filter>
    </ClCompile>
    <ClCompile Include="ScrewJoint.cpp">
      <Filter>Source Files</Filter>
    </ClCompile>
    <ClCompile Include="RevCylJoint.cpp">
      <Filter>Source Files</Filter>
    </ClCompile>
    <ClCompile Include="SphericalJoint.cpp">
      <Filter>Source Files</Filter>
    </ClCompile>
    <ClCompile Include="SphSphJoint.cpp">
      <Filter>Source Files</Filter>
    </ClCompile>
    <ClCompile Include="UniversalJoint.cpp">
      <Filter>Source Files</Filter>
    </ClCompile>
    <ClCompile Include="CompoundJoint.cpp">
      <Filter>Source Files</Filter>
    </ClCompile>
    <ClCompile Include="InLineJoint.cpp">
      <Filter>Source Files</Filter>
    </ClCompile>
    <ClCompile Include="DistxyIecJec.cpp">
      <Filter>Source Files</Filter>
    </ClCompile>
    <ClCompile Include="DistxyIeqcJec.cpp">
      <Filter>Source Files</Filter>
    </ClCompile>
    <ClCompile Include="DistxyIeqcJeqc.cpp">
      <Filter>Source Files</Filter>
    </ClCompile>
    <ClCompile Include="DistxyIeqctJeqc.cpp">
      <Filter>Source Files</Filter>
    </ClCompile>
    <ClCompile Include="AtPointJoint.cpp">
      <Filter>Source Files</Filter>
    </ClCompile>
    <ClCompile Include="TranslationalJoint.cpp">
      <Filter>Source Files</Filter>
    </ClCompile>
    <ClCompile Include="ASMTItem.cpp">
      <Filter>Source Files</Filter>
    </ClCompile>
    <ClCompile Include="ASMTAssembly.cpp">
      <Filter>Source Files</Filter>
    </ClCompile>
    <ClCompile Include="ASMTRefPoint.cpp">
      <Filter>Source Files</Filter>
    </ClCompile>
    <ClCompile Include="ASMTRefCurve.cpp">
      <Filter>Source Files</Filter>
    </ClCompile>
    <ClCompile Include="ASMTRefSurface.cpp">
      <Filter>Source Files</Filter>
    </ClCompile>
    <ClCompile Include="ASMTPart.cpp">
      <Filter>Source Files</Filter>
    </ClCompile>
    <ClCompile Include="ASMTKinematicIJ.cpp">
      <Filter>Source Files</Filter>
    </ClCompile>
    <ClCompile Include="ASMTConstraintSet.cpp">
      <Filter>Source Files</Filter>
    </ClCompile>
    <ClCompile Include="ASMTForceTorque.cpp">
      <Filter>Source Files</Filter>
    </ClCompile>
    <ClCompile Include="ASMTConstantGravity.cpp">
      <Filter>Source Files</Filter>
    </ClCompile>
    <ClCompile Include="ASMTSimulationParameters.cpp">
      <Filter>Source Files</Filter>
    </ClCompile>
    <ClCompile Include="ASMTAnimationParameters.cpp">
      <Filter>Source Files</Filter>
    </ClCompile>
    <ClCompile Include="ASMTMarker.cpp">
      <Filter>Source Files</Filter>
    </ClCompile>
    <ClCompile Include="ASMTExtrusion.cpp">
      <Filter>Source Files</Filter>
    </ClCompile>
    <ClCompile Include="ASMTPrincipalMassMarker.cpp">
      <Filter>Source Files</Filter>
    </ClCompile>
    <ClCompile Include="ASMTJoint.cpp">
      <Filter>Source Files</Filter>
    </ClCompile>
    <ClCompile Include="ASMTMotion.cpp">
      <Filter>Source Files</Filter>
    </ClCompile>
    <ClCompile Include="ASMTRevoluteJoint.cpp">
      <Filter>Source Files</Filter>
    </ClCompile>
    <ClCompile Include="ASMTCylindricalJoint.cpp">
      <Filter>Source Files</Filter>
    </ClCompile>
    <ClCompile Include="ASMTRotationalMotion.cpp">
      <Filter>Source Files</Filter>
    </ClCompile>
    <ClCompile Include="ASMTTranslationalMotion.cpp">
      <Filter>Source Files</Filter>
    </ClCompile>
    <ClCompile Include="ASMTGeneralMotion.cpp">
      <Filter>Source Files</Filter>
    </ClCompile>
    <ClCompile Include="ASMTSpatialItem.cpp">
      <Filter>Source Files</Filter>
    </ClCompile>
    <ClCompile Include="ASMTSpatialContainer.cpp">
      <Filter>Source Files</Filter>
    </ClCompile>
    <ClCompile Include="ExternalSystem.cpp">
      <Filter>Source Files</Filter>
    </ClCompile>
    <ClCompile Include="ASMTItemIJ.cpp">
      <Filter>Source Files</Filter>
    </ClCompile>
    <ClCompile Include="ASMTRefItem.cpp">
      <Filter>Source Files</Filter>
    </ClCompile>
    <ClCompile Include="ASMTTime.cpp">
      <Filter>Source Files</Filter>
    </ClCompile>
    <ClCompile Include="ConstantGravity.cpp">
      <Filter>Source Files</Filter>
    </ClCompile>
    <ClCompile Include="SymbolicParser.cpp">
      <Filter>Source Files</Filter>
    </ClCompile>
    <ClCompile Include="Units.cpp">
      <Filter>Source Files</Filter>
    </ClCompile>
    <ClCompile Include="SyntaxError.cpp">
      <Filter>Source Files</Filter>
    </ClCompile>
    <ClCompile Include="FunctionXY.cpp">
      <Filter>Source Files</Filter>
    </ClCompile>
    <ClCompile Include="Power.cpp">
      <Filter>Source Files</Filter>
    </ClCompile>
    <ClCompile Include="Abs.cpp">
      <Filter>Source Files</Filter>
    </ClCompile>
    <ClCompile Include="Sine.cpp">
      <Filter>Source Files</Filter>
    </ClCompile>
    <ClCompile Include="ArcTan.cpp">
      <Filter>Source Files</Filter>
    </ClCompile>
    <ClCompile Include="Ln.cpp">
      <Filter>Source Files</Filter>
    </ClCompile>
    <ClCompile Include="EulerAngles.cpp">
      <Filter>Source Files</Filter>
    </ClCompile>
    <ClCompile Include="Cosine.cpp">
      <Filter>Source Files</Filter>
    </ClCompile>
    <ClCompile Include="ArcTan2.cpp">
      <Filter>Source Files</Filter>
    </ClCompile>
    <ClCompile Include="Exponential.cpp">
      <Filter>Source Files</Filter>
    </ClCompile>
    <ClCompile Include="Log10.cpp">
      <Filter>Source Files</Filter>
    </ClCompile>
    <ClCompile Include="LogN.cpp">
      <Filter>Source Files</Filter>
    </ClCompile>
    <ClCompile Include="Negative.cpp">
      <Filter>Source Files</Filter>
    </ClCompile>
    <ClCompile Include="Reciprocal.cpp">
      <Filter>Source Files</Filter>
    </ClCompile>
    <ClCompile Include="ASMTTranslationalJoint.cpp">
      <Filter>Source Files</Filter>
    </ClCompile>
    <ClCompile Include="ASMTSphericalJoint.cpp">
      <Filter>Source Files</Filter>
    </ClCompile>
    <ClCompile Include="ASMTFixedJoint.cpp">
      <Filter>Source Files</Filter>
    </ClCompile>
    <ClCompile Include="FunctionXcParameter.cpp">
      <Filter>Source Files</Filter>
    </ClCompile>
    <ClCompile Include="FunctionFromData.cpp">
      <Filter>Source Files</Filter>
    </ClCompile>
    <ClCompile Include="GeneralSpline.cpp">
      <Filter>Source Files</Filter>
    </ClCompile>
    <ClCompile Include="DifferentiatedGeneralSpline.cpp">
      <Filter>Source Files</Filter>
    </ClCompile>
    <ClCompile Include="AnyGeneralSpline.cpp">
      <Filter>Source Files</Filter>
    </ClCompile>
    <ClCompile Include="ASMTUniversalJoint.cpp">
      <Filter>Source Files</Filter>
    </ClCompile>
    <ClCompile Include="EulerAnglesDot.cpp">
      <Filter>Source Files</Filter>
    </ClCompile>
    <ClCompile Include="EulerAnglesDDot.cpp">
      <Filter>Source Files</Filter>
    </ClCompile>
    <ClCompile Include="EndFrameqct2.cpp">
      <Filter>Source Files</Filter>
    </ClCompile>
    <ClCompile Include="ASMTPointInPlaneJoint.cpp">
      <Filter>Source Files</Filter>
    </ClCompile>
    <ClCompile Include="ArcSine.cpp">
      <Filter>Source Files</Filter>
    </ClCompile>
    <ClCompile Include="ASMTPointInLineJoint.cpp">
      <Filter>Source Files</Filter>
    </ClCompile>
    <ClCompile Include="ASMTNoRotationJoint.cpp">
      <Filter>Source Files</Filter>
    </ClCompile>
    <ClCompile Include="EigenDecomposition.cpp">
      <Filter>Source Files</Filter>
    </ClCompile>
    <ClCompile Include="MomentOfInertiaSolver.cpp">
      <Filter>Source Files</Filter>
    </ClCompile>
    <ClCompile Include="PiecewiseFunction.cpp">
      <Filter>Source Files</Filter>
    </ClCompile>
    <ClCompile Include="Polynomial.cpp">
      <Filter>Source Files</Filter>
    </ClCompile>
    <ClCompile Include="RampStepFunction.cpp">
      <Filter>Source Files</Filter>
    </ClCompile>
    <ClCompile Include="StepFunction.cpp">
      <Filter>Source Files</Filter>
    </ClCompile>
    <ClCompile Include="Integral.cpp">
      <Filter>Source Files</Filter>
    </ClCompile>
    <ClCompile Include="..\testapp\OndselSolver.cpp">
      <Filter>Source Files</Filter>
    </ClCompile>
    <ClCompile Include="ASMTInLineJoint.cpp">
      <Filter>Source Files</Filter>
    </ClCompile>
    <ClCompile Include="ASMTInPlaneJoint.cpp">
      <Filter>Source Files</Filter>
    </ClCompile>
    <ClCompile Include="ASMTPlanarJoint.cpp">
      <Filter>Source Files</Filter>
    </ClCompile>
    <ClCompile Include="ASMTLineInPlaneJoint.cpp">
      <Filter>Source Files</Filter>
    </ClCompile>
    <ClCompile Include="ASMTAngleJoint.cpp">
      <Filter>Source Files</Filter>
    </ClCompile>
    <ClCompile Include="ASMTConstantVelocityJoint.cpp">
      <Filter>Source Files</Filter>
    </ClCompile>
    <ClCompile Include="ASMTCylSphJoint.cpp">
      <Filter>Source Files</Filter>
    </ClCompile>
    <ClCompile Include="ASMTGearJoint.cpp">
      <Filter>Source Files</Filter>
    </ClCompile>
    <ClCompile Include="ASMTScrewJoint.cpp">
      <Filter>Source Files</Filter>
    </ClCompile>
    <ClCompile Include="ASMTRackPinionJoint.cpp">
      <Filter>Source Files</Filter>
    </ClCompile>
    <ClCompile Include="ASMTParallelAxesJoint.cpp">
      <Filter>Source Files</Filter>
    </ClCompile>
    <ClCompile Include="ASMTPerpendicularJoint.cpp">
      <Filter>Source Files</Filter>
    </ClCompile>
    <ClCompile Include="ASMTRevCylJoint.cpp">
      <Filter>Source Files</Filter>
    </ClCompile>
    <ClCompile Include="ASMTSphSphJoint.cpp">
      <Filter>Source Files</Filter>
    </ClCompile>
    <ClCompile Include="ASMTAtPointJoint.cpp">
      <Filter>Source Files</Filter>
    </ClCompile>
    <ClCompile Include="ASMTCompoundJoint.cpp">
      <Filter>Source Files</Filter>
    </ClCompile>
    <ClCompile Include="Functions.cpp">
      <Filter>Source Files</Filter>
    </ClCompile>
    <ClCompile Include="Transitions.cpp">
      <Filter>Source Files</Filter>
    </ClCompile>
    <ClCompile Include="Arguments.cpp">
      <Filter>Source Files</Filter>
    </ClCompile>
    <ClCompile Include="ASMTRevRevJoint.cpp">
      <Filter>Source Files</Filter>
    </ClCompile>
    <ClCompile Include="RevRevJoint.cpp">
      <Filter>Source Files</Filter>
    </ClCompile>
    <ClCompile Include="PosICDragNewtonRaphson.cpp">
      <Filter>Source Files</Filter>
    </ClCompile>
    <ClCompile Include="AllowZRotation.cpp">
      <Filter>Source Files</Filter>
    </ClCompile>
    <ClCompile Include="AllowZRotationConstraintIqctJqc.cpp">
      <Filter>Source Files</Filter>
    </ClCompile>
    <ClCompile Include="ASMTAllowRotation.cpp">
      <Filter>Source Files</Filter>
    </ClCompile>
    <ClCompile Include="ASMTLimit.cpp">
      <Filter>Source Files</Filter>
    </ClCompile>
    <ClCompile Include="ASMTRotationLimit.cpp">
      <Filter>Source Files</Filter>
    </ClCompile>
    <ClCompile Include="ASMTTranslationLimit.cpp">
      <Filter>Source Files</Filter>
    </ClCompile>
    <ClCompile Include="ItemIJ.cpp">
      <Filter>Source Files</Filter>
    </ClCompile>
    <ClCompile Include="LimitIJ.cpp">
      <Filter>Source Files</Filter>
    </ClCompile>
    <ClCompile Include="RotationLimitIJ.cpp">
      <Filter>Source Files</Filter>
    </ClCompile>
    <ClCompile Include="TranslationLimitIJ.cpp">
      <Filter>Source Files</Filter>
    </ClCompile>
    <ClCompile Include="PosICDragLimitNewtonRaphson.cpp">
      <Filter>Source Files</Filter>
    </ClCompile>
    <ClCompile Include="ConstraintSet.cpp">
      <Filter>Source Files</Filter>
    </ClCompile>
    <ClCompile Include="AngleZConstraintIJ.cpp">
      <Filter>Source Files</Filter>
    </ClCompile>
    <ClCompile Include="AngleZConstraintIqcJc.cpp">
      <Filter>Source Files</Filter>
    </ClCompile>
    <ClCompile Include="AngleZConstraintIqcJqc.cpp">
      <Filter>Source Files</Filter>
    </ClCompile>
    <ClCompile Include="ASMTContact.cpp">
      <Filter>Source Files</Filter>
    </ClCompile>
    <ClCompile Include="ASMTCylCylContact.cpp">
      <Filter>Source Files</Filter>
    </ClCompile>
    <ClCompile Include="ASMTConeConeContact.cpp">
      <Filter>Source Files</Filter>
    </ClCompile>
    <ClCompile Include="ASMTCylConeContact.cpp">
      <Filter>Source Files</Filter>
    </ClCompile>
  </ItemGroup>
  <ItemGroup>
    <ClInclude Include="Array.h">
      <Filter>Header Files</Filter>
    </ClInclude>
    <ClInclude Include="Item.h">
      <Filter>Header Files</Filter>
    </ClInclude>
    <ClInclude Include="Solver.h">
      <Filter>Header Files</Filter>
    </ClInclude>
    <ClInclude Include="System.h">
      <Filter>Header Files</Filter>
    </ClInclude>
    <ClInclude Include="SystemSolver.h">
      <Filter>Header Files</Filter>
    </ClInclude>
    <ClInclude Include="NewtonRaphson.h">
      <Filter>Header Files</Filter>
    </ClInclude>
    <ClInclude Include="Joint.h">
      <Filter>Header Files</Filter>
    </ClInclude>
    <ClInclude Include="Part.h">
      <Filter>Header Files</Filter>
    </ClInclude>
    <ClInclude Include="FullColumn.h">
      <Filter>Header Files</Filter>
    </ClInclude>
    <ClInclude Include="PartFrame.h">
      <Filter>Header Files</Filter>
    </ClInclude>
    <ClInclude Include="AbsConstraint.h">
      <Filter>Header Files</Filter>
    </ClInclude>
    <ClInclude Include="CartesianFrame.h">
      <Filter>Header Files</Filter>
    </ClInclude>
    <ClInclude Include="Constraint.h">
      <Filter>Header Files</Filter>
    </ClInclude>
    <ClInclude Include="EulerConstraint.h">
      <Filter>Header Files</Filter>
    </ClInclude>
    <ClInclude Include="FullRow.h">
      <Filter>Header Files</Filter>
    </ClInclude>
    <ClInclude Include="MarkerFrame.h">
      <Filter>Header Files</Filter>
    </ClInclude>
    <ClInclude Include="DiagonalMatrix.h">
      <Filter>Header Files</Filter>
    </ClInclude>
    <ClInclude Include="FullMatrix.h">
      <Filter>Header Files</Filter>
    </ClInclude>
    <ClInclude Include="RowTypeMatrix.h">
      <Filter>Header Files</Filter>
    </ClInclude>
    <ClInclude Include="EndFramec.h">
      <Filter>Header Files</Filter>
    </ClInclude>
    <ClInclude Include="EndFrameqc.h">
      <Filter>Header Files</Filter>
    </ClInclude>
    <ClInclude Include="EndFrameqct.h">
      <Filter>Header Files</Filter>
    </ClInclude>
    <ClInclude Include="FullVector.h">
      <Filter>Header Files</Filter>
    </ClInclude>
    <ClInclude Include="SparseColumn.h">
      <Filter>Header Files</Filter>
    </ClInclude>
    <ClInclude Include="SparseMatrix.h">
      <Filter>Header Files</Filter>
    </ClInclude>
    <ClInclude Include="SparseRow.h">
      <Filter>Header Files</Filter>
    </ClInclude>
    <ClInclude Include="SparseVector.h">
      <Filter>Header Files</Filter>
    </ClInclude>
    <ClInclude Include="RevoluteJoint.h">
      <Filter>Header Files</Filter>
    </ClInclude>
    <ClInclude Include="CylindricalJoint.h">
      <Filter>Header Files</Filter>
    </ClInclude>
    <ClInclude Include="PrescribedMotion.h">
      <Filter>Header Files</Filter>
    </ClInclude>
    <ClInclude Include="ZRotation.h">
      <Filter>Header Files</Filter>
    </ClInclude>
    <ClInclude Include="EulerArray.h">
      <Filter>Header Files</Filter>
    </ClInclude>
    <ClInclude Include="EulerParameters.h">
      <Filter>Header Files</Filter>
    </ClInclude>
    <ClInclude Include="Symbolic.h">
      <Filter>Header Files</Filter>
    </ClInclude>
    <ClInclude Include="Variable.h">
      <Filter>Header Files</Filter>
    </ClInclude>
    <ClInclude Include="IndependentVariable.h">
      <Filter>Header Files</Filter>
    </ClInclude>
    <ClInclude Include="Time.h">
      <Filter>Header Files</Filter>
    </ClInclude>
    <ClInclude Include="UserFunction.h">
      <Filter>Header Files</Filter>
    </ClInclude>
    <ClInclude Include="BasicUserFunction.h">
      <Filter>Header Files</Filter>
    </ClInclude>
    <ClInclude Include="Constant.h">
      <Filter>Header Files</Filter>
    </ClInclude>
    <ClInclude Include="ConstraintIJ.h">
      <Filter>Header Files</Filter>
    </ClInclude>
    <ClInclude Include="DirectionCosineConstraintIJ.h">
      <Filter>Header Files</Filter>
    </ClInclude>
    <ClInclude Include="KinematicIeJe.h">
      <Filter>Header Files</Filter>
    </ClInclude>
    <ClInclude Include="DirectionCosineIecJec.h">
      <Filter>Header Files</Filter>
    </ClInclude>
    <ClInclude Include="DirectionCosineIeqcJec.h">
      <Filter>Header Files</Filter>
    </ClInclude>
    <ClInclude Include="DirectionCosineIeqcJeqc.h">
      <Filter>Header Files</Filter>
    </ClInclude>
    <ClInclude Include="DirectionCosineIeqctJeqc.h">
      <Filter>Header Files</Filter>
    </ClInclude>
    <ClInclude Include="Function.h">
      <Filter>Header Files</Filter>
    </ClInclude>
    <ClInclude Include="FunctionWithManyArgs.h">
      <Filter>Header Files</Filter>
    </ClInclude>
    <ClInclude Include="Product.h">
      <Filter>Header Files</Filter>
    </ClInclude>
    <ClInclude Include="Sum.h">
      <Filter>Header Files</Filter>
    </ClInclude>
    <ClInclude Include="FunctionX.h">
      <Filter>Header Files</Filter>
    </ClInclude>
    <ClInclude Include="ExpressionX.h">
      <Filter>Header Files</Filter>
    </ClInclude>
    <ClInclude Include="DirectionCosineConstraintIqcJc.h">
      <Filter>Header Files</Filter>
    </ClInclude>
    <ClInclude Include="DirectionCosineConstraintIqcJqc.h">
      <Filter>Header Files</Filter>
    </ClInclude>
    <ClInclude Include="DirectionCosineConstraintIqctJqc.h">
      <Filter>Header Files</Filter>
    </ClInclude>
    <ClInclude Include="TranslationConstraintIJ.h">
      <Filter>Header Files</Filter>
    </ClInclude>
    <ClInclude Include="TranslationConstraintIqcJc.h">
      <Filter>Header Files</Filter>
    </ClInclude>
    <ClInclude Include="TranslationConstraintIqcJqc.h">
      <Filter>Header Files</Filter>
    </ClInclude>
    <ClInclude Include="TranslationConstraintIqctJqc.h">
      <Filter>Header Files</Filter>
    </ClInclude>
    <ClInclude Include="DispCompIecJecKec.h">
      <Filter>Header Files</Filter>
    </ClInclude>
    <ClInclude Include="DispCompIecJecKeqc.h">
      <Filter>Header Files</Filter>
    </ClInclude>
    <ClInclude Include="DispCompIeqcJecKeqc.h">
      <Filter>Header Files</Filter>
    </ClInclude>
    <ClInclude Include="DispCompIeqcJeqcKeqc.h">
      <Filter>Header Files</Filter>
    </ClInclude>
    <ClInclude Include="DispCompIeqcJeqcKeqct.h">
      <Filter>Header Files</Filter>
    </ClInclude>
    <ClInclude Include="DispCompIeqctJeqcKeqct.h">
      <Filter>Header Files</Filter>
    </ClInclude>
    <ClInclude Include="AtPointConstraintIJ.h">
      <Filter>Header Files</Filter>
    </ClInclude>
    <ClInclude Include="AtPointConstraintIqcJc.h">
      <Filter>Header Files</Filter>
    </ClInclude>
    <ClInclude Include="AtPointConstraintIqcJqc.h">
      <Filter>Header Files</Filter>
    </ClInclude>
    <ClInclude Include="AtPointConstraintIqctJqc.h">
      <Filter>Header Files</Filter>
    </ClInclude>
    <ClInclude Include="DispCompIecJecO.h">
      <Filter>Header Files</Filter>
    </ClInclude>
    <ClInclude Include="DispCompIeqcJecO.h">
      <Filter>Header Files</Filter>
    </ClInclude>
    <ClInclude Include="DispCompIeqcJeqcO.h">
      <Filter>Header Files</Filter>
    </ClInclude>
    <ClInclude Include="DispCompIeqctJeqcO.h">
      <Filter>Header Files</Filter>
    </ClInclude>
    <ClInclude Include="Integrator.h">
      <Filter>Header Files</Filter>
    </ClInclude>
    <ClInclude Include="IntegratorInterface.h">
      <Filter>Header Files</Filter>
    </ClInclude>
    <ClInclude Include="BasicIntegrator.h">
      <Filter>Header Files</Filter>
    </ClInclude>
    <ClInclude Include="QuasiIntegrator.h">
      <Filter>Header Files</Filter>
    </ClInclude>
    <ClInclude Include="KineIntegrator.h">
      <Filter>Header Files</Filter>
    </ClInclude>
    <ClInclude Include="BasicQuasiIntegrator.h">
      <Filter>Header Files</Filter>
    </ClInclude>
    <ClInclude Include="MatrixSolver.h">
      <Filter>Header Files</Filter>
    </ClInclude>
    <ClInclude Include="MatrixGaussElimination.h">
      <Filter>Header Files</Filter>
    </ClInclude>
    <ClInclude Include="GESpMat.h">
      <Filter>Header Files</Filter>
    </ClInclude>
    <ClInclude Include="GESpMatFullPv.h">
      <Filter>Header Files</Filter>
    </ClInclude>
    <ClInclude Include="GESpMatFullPvPosIC.h">
      <Filter>Header Files</Filter>
    </ClInclude>
    <ClInclude Include="GESpMatParPv.h">
      <Filter>Header Files</Filter>
    </ClInclude>
    <ClInclude Include="GESpMatParPvMarko.h">
      <Filter>Header Files</Filter>
    </ClInclude>
    <ClInclude Include="GESpMatParPvMarkoFast.h">
      <Filter>Header Files</Filter>
    </ClInclude>
    <ClInclude Include="GESpMatParPvPrecise.h">
      <Filter>Header Files</Filter>
    </ClInclude>
    <ClInclude Include="AnyPosICNewtonRaphson.h">
      <Filter>Header Files</Filter>
    </ClInclude>
    <ClInclude Include="PosICKineNewtonRaphson.h">
      <Filter>Header Files</Filter>
    </ClInclude>
    <ClInclude Include="PosICNewtonRaphson.h">
      <Filter>Header Files</Filter>
    </ClInclude>
    <ClInclude Include="PosKineNewtonRaphson.h">
      <Filter>Header Files</Filter>
    </ClInclude>
    <ClInclude Include="PosNewtonRaphson.h">
      <Filter>Header Files</Filter>
    </ClInclude>
    <ClInclude Include="ScalarNewtonRaphson.h">
      <Filter>Header Files</Filter>
    </ClInclude>
    <ClInclude Include="SystemNewtonRaphson.h">
      <Filter>Header Files</Filter>
    </ClInclude>
    <ClInclude Include="VectorNewtonRaphson.h">
      <Filter>Header Files</Filter>
    </ClInclude>
    <ClInclude Include="EulerParametersDot.h">
      <Filter>Header Files</Filter>
    </ClInclude>
    <ClInclude Include="CREATE.h">
      <Filter>Header Files</Filter>
    </ClInclude>
    <ClInclude Include="SingularMatrixError.h">
      <Filter>Header Files</Filter>
    </ClInclude>
    <ClInclude Include="EulerAngleszxz.h">
      <Filter>Header Files</Filter>
    </ClInclude>
    <ClInclude Include="GEFullMat.h">
      <Filter>Header Files</Filter>
    </ClInclude>
    <ClInclude Include="GEFullMatFullPv.h">
      <Filter>Header Files</Filter>
    </ClInclude>
    <ClInclude Include="GEFullMatParPv.h">
      <Filter>Header Files</Filter>
    </ClInclude>
    <ClInclude Include="ForceTorqueItem.h">
      <Filter>Header Files</Filter>
    </ClInclude>
    <ClInclude Include="resource.h">
      <Filter>Header Files</Filter>
    </ClInclude>
    <ClInclude Include="enum.h">
      <Filter>Header Files</Filter>
    </ClInclude>
    <ClInclude Include="RedundantConstraint.h">
      <Filter>Header Files</Filter>
    </ClInclude>
    <ClInclude Include="NewtonRaphsonError.h">
      <Filter>Header Files</Filter>
    </ClInclude>
    <ClInclude Include="MaximumIterationError.h">
      <Filter>Header Files</Filter>
    </ClInclude>
    <ClInclude Include="SimulationStoppingError.h">
      <Filter>Header Files</Filter>
    </ClInclude>
    <ClInclude Include="DifferenceOperator.h">
      <Filter>Header Files</Filter>
    </ClInclude>
    <ClInclude Include="NotKinematicError.h">
      <Filter>Header Files</Filter>
    </ClInclude>
    <ClInclude Include="ICKineIntegrator.h">
      <Filter>Header Files</Filter>
    </ClInclude>
    <ClInclude Include="DiscontinuityError.h">
      <Filter>Header Files</Filter>
    </ClInclude>
    <ClInclude Include="LinearMultiStepMethod.h">
      <Filter>Header Files</Filter>
    </ClInclude>
    <ClInclude Include="StableBackwardDifference.h">
      <Filter>Header Files</Filter>
    </ClInclude>
    <ClInclude Include="TooSmallStepSizeError.h">
      <Filter>Header Files</Filter>
    </ClInclude>
    <ClInclude Include="TooManyTriesError.h">
      <Filter>Header Files</Filter>
    </ClInclude>
    <ClInclude Include="MatrixDecomposition.h">
      <Filter>Header Files</Filter>
    </ClInclude>
    <ClInclude Include="MatrixLDU.h">
      <Filter>Header Files</Filter>
    </ClInclude>
    <ClInclude Include="LDUFullMat.h">
      <Filter>Header Files</Filter>
    </ClInclude>
    <ClInclude Include="LDUFullMatParPv.h">
      <Filter>Header Files</Filter>
    </ClInclude>
    <ClInclude Include="LDUSpMat.h">
      <Filter>Header Files</Filter>
    </ClInclude>
    <ClInclude Include="LDUSpMatParPv.h">
      <Filter>Header Files</Filter>
    </ClInclude>
    <ClInclude Include="LDUSpMatParPvMarko.h">
      <Filter>Header Files</Filter>
    </ClInclude>
    <ClInclude Include="LDUSpMatParPvPrecise.h">
      <Filter>Header Files</Filter>
    </ClInclude>
    <ClInclude Include="VelSolver.h">
      <Filter>Header Files</Filter>
    </ClInclude>
    <ClInclude Include="VelICSolver.h">
      <Filter>Header Files</Filter>
    </ClInclude>
    <ClInclude Include="VelICKineSolver.h">
      <Filter>Header Files</Filter>
    </ClInclude>
    <ClInclude Include="VelKineSolver.h">
      <Filter>Header Files</Filter>
    </ClInclude>
    <ClInclude Include="EulerAngleszxzDot.h">
      <Filter>Header Files</Filter>
    </ClInclude>
    <ClInclude Include="EulerAngleszxzDDot.h">
      <Filter>Header Files</Filter>
    </ClInclude>
    <ClInclude Include="AccNewtonRaphson.h">
      <Filter>Header Files</Filter>
    </ClInclude>
    <ClInclude Include="AccICNewtonRaphson.h">
      <Filter>Header Files</Filter>
    </ClInclude>
    <ClInclude Include="AccKineNewtonRaphson.h">
      <Filter>Header Files</Filter>
    </ClInclude>
    <ClInclude Include="AccICKineNewtonRaphson.h">
      <Filter>Header Files</Filter>
    </ClInclude>
    <ClInclude Include="EulerParametersDDot.h">
      <Filter>Header Files</Filter>
    </ClInclude>
    <ClInclude Include="StateData.h">
      <Filter>Header Files</Filter>
    </ClInclude>
    <ClInclude Include="PosVelAccData.h">
      <Filter>Header Files</Filter>
    </ClInclude>
    <ClInclude Include="CADSystem.h">
      <Filter>Header Files</Filter>
    </ClInclude>
    <ClInclude Include="ForceTorqueData.h">
      <Filter>Header Files</Filter>
    </ClInclude>
    <ClInclude Include="ConstVelConstraintIJ.h">
      <Filter>Header Files</Filter>
    </ClInclude>
    <ClInclude Include="ConstVelConstraintIqcJc.h">
      <Filter>Header Files</Filter>
    </ClInclude>
    <ClInclude Include="ConstVelConstraintIqcJqc.h">
      <Filter>Header Files</Filter>
    </ClInclude>
    <ClInclude Include="DistanceConstraintIJ.h">
      <Filter>Header Files</Filter>
    </ClInclude>
    <ClInclude Include="DistanceConstraintIqcJc.h">
      <Filter>Header Files</Filter>
    </ClInclude>
    <ClInclude Include="DistanceConstraintIqcJqc.h">
      <Filter>Header Files</Filter>
    </ClInclude>
    <ClInclude Include="DistanceConstraintIqctJqc.h">
      <Filter>Header Files</Filter>
    </ClInclude>
    <ClInclude Include="DistIecJec.h">
      <Filter>Header Files</Filter>
    </ClInclude>
    <ClInclude Include="DistIeqcJec.h">
      <Filter>Header Files</Filter>
    </ClInclude>
    <ClInclude Include="DistIeqcJeqc.h">
      <Filter>Header Files</Filter>
    </ClInclude>
    <ClInclude Include="DistIeqctJeqc.h">
      <Filter>Header Files</Filter>
    </ClInclude>
    <ClInclude Include="AngleJoint.h">
      <Filter>Header Files</Filter>
    </ClInclude>
    <ClInclude Include="DistancexyConstraintIJ.h">
      <Filter>Header Files</Filter>
    </ClInclude>
    <ClInclude Include="DispCompIecJecIe.h">
      <Filter>Header Files</Filter>
    </ClInclude>
    <ClInclude Include="DistancexyConstraintIqcJc.h">
      <Filter>Header Files</Filter>
    </ClInclude>
    <ClInclude Include="DispCompIeqcJecIe.h">
      <Filter>Header Files</Filter>
    </ClInclude>
    <ClInclude Include="DispCompIeqcJeqcIe.h">
      <Filter>Header Files</Filter>
    </ClInclude>
    <ClInclude Include="DispCompIeqctJeqcIe.h">
      <Filter>Header Files</Filter>
    </ClInclude>
    <ClInclude Include="DistancexyConstraintIqcJqc.h">
      <Filter>Header Files</Filter>
    </ClInclude>
    <ClInclude Include="GearConstraintIJ.h">
      <Filter>Header Files</Filter>
    </ClInclude>
    <ClInclude Include="OrbitAngleZIecJec.h">
      <Filter>Header Files</Filter>
    </ClInclude>
    <ClInclude Include="OrbitAngleZIeqcJec.h">
      <Filter>Header Files</Filter>
    </ClInclude>
    <ClInclude Include="OrbitAngleZIeqcJeqc.h">
      <Filter>Header Files</Filter>
    </ClInclude>
    <ClInclude Include="MbdMath.h">
      <Filter>Header Files</Filter>
    </ClInclude>
    <ClInclude Include="Numeric.h">
      <Filter>Header Files</Filter>
    </ClInclude>
    <ClInclude Include="AngleZIecJec.h">
      <Filter>Header Files</Filter>
    </ClInclude>
    <ClInclude Include="AngleZIeqcJec.h">
      <Filter>Header Files</Filter>
    </ClInclude>
    <ClInclude Include="AngleZIeqcJeqc.h">
      <Filter>Header Files</Filter>
    </ClInclude>
    <ClInclude Include="GearConstraintIqcJc.h">
      <Filter>Header Files</Filter>
    </ClInclude>
    <ClInclude Include="GearConstraintIqcJqc.h">
      <Filter>Header Files</Filter>
    </ClInclude>
    <ClInclude Include="RackPinConstraintIJ.h">
      <Filter>Header Files</Filter>
    </ClInclude>
    <ClInclude Include="RackPinConstraintIqcJc.h">
      <Filter>Header Files</Filter>
    </ClInclude>
    <ClInclude Include="RackPinConstraintIqcJqc.h">
      <Filter>Header Files</Filter>
    </ClInclude>
    <ClInclude Include="ScrewConstraintIJ.h">
      <Filter>Header Files</Filter>
    </ClInclude>
    <ClInclude Include="ScrewConstraintIqcJc.h">
      <Filter>Header Files</Filter>
    </ClInclude>
    <ClInclude Include="ScrewConstraintIqcJqc.h">
      <Filter>Header Files</Filter>
    </ClInclude>
    <ClInclude Include="ConstantVelocityJoint.h">
      <Filter>Header Files</Filter>
    </ClInclude>
    <ClInclude Include="CylSphJoint.h">
      <Filter>Header Files</Filter>
    </ClInclude>
    <ClInclude Include="FixedJoint.h">
      <Filter>Header Files</Filter>
    </ClInclude>
    <ClInclude Include="GearJoint.h">
      <Filter>Header Files</Filter>
    </ClInclude>
    <ClInclude Include="PointInLineJoint.h">
      <Filter>Header Files</Filter>
    </ClInclude>
    <ClInclude Include="InPlaneJoint.h">
      <Filter>Header Files</Filter>
    </ClInclude>
    <ClInclude Include="LineInPlaneJoint.h">
      <Filter>Header Files</Filter>
    </ClInclude>
    <ClInclude Include="PlanarJoint.h">
      <Filter>Header Files</Filter>
    </ClInclude>
    <ClInclude Include="PointInPlaneJoint.h">
      <Filter>Header Files</Filter>
    </ClInclude>
    <ClInclude Include="NoRotationJoint.h">
      <Filter>Header Files</Filter>
    </ClInclude>
    <ClInclude Include="ParallelAxesJoint.h">
      <Filter>Header Files</Filter>
    </ClInclude>
    <ClInclude Include="PerpendicularJoint.h">
      <Filter>Header Files</Filter>
    </ClInclude>
    <ClInclude Include="FullMotion.h">
      <Filter>Header Files</Filter>
    </ClInclude>
    <ClInclude Include="Orientation.h">
      <Filter>Header Files</Filter>
    </ClInclude>
    <ClInclude Include="Translation.h">
      <Filter>Header Files</Filter>
    </ClInclude>
    <ClInclude Include="ZTranslation.h">
      <Filter>Header Files</Filter>
    </ClInclude>
    <ClInclude Include="RackPinJoint.h">
      <Filter>Header Files</Filter>
    </ClInclude>
    <ClInclude Include="ScrewJoint.h">
      <Filter>Header Files</Filter>
    </ClInclude>
    <ClInclude Include="RevCylJoint.h">
      <Filter>Header Files</Filter>
    </ClInclude>
    <ClInclude Include="SphericalJoint.h">
      <Filter>Header Files</Filter>
    </ClInclude>
    <ClInclude Include="SphSphJoint.h">
      <Filter>Header Files</Filter>
    </ClInclude>
    <ClInclude Include="UniversalJoint.h">
      <Filter>Header Files</Filter>
    </ClInclude>
    <ClInclude Include="CompoundJoint.h">
      <Filter>Header Files</Filter>
    </ClInclude>
    <ClInclude Include="InLineJoint.h">
      <Filter>Header Files</Filter>
    </ClInclude>
    <ClInclude Include="DistxyIecJec.h">
      <Filter>Header Files</Filter>
    </ClInclude>
    <ClInclude Include="DistxyIeqcJec.h">
      <Filter>Header Files</Filter>
    </ClInclude>
    <ClInclude Include="DistxyIeqcJeqc.h">
      <Filter>Header Files</Filter>
    </ClInclude>
    <ClInclude Include="DistxyIeqctJeqc.h">
      <Filter>Header Files</Filter>
    </ClInclude>
    <ClInclude Include="AtPointJoint.h">
      <Filter>Header Files</Filter>
    </ClInclude>
    <ClInclude Include="TranslationalJoint.h">
      <Filter>Header Files</Filter>
    </ClInclude>
    <ClInclude Include="ASMTItem.h">
      <Filter>Header Files</Filter>
    </ClInclude>
    <ClInclude Include="ASMTAssembly.h">
      <Filter>Header Files</Filter>
    </ClInclude>
    <ClInclude Include="ASMTRefPoint.h">
      <Filter>Header Files</Filter>
    </ClInclude>
    <ClInclude Include="ASMTRefCurve.h">
      <Filter>Header Files</Filter>
    </ClInclude>
    <ClInclude Include="ASMTRefSurface.h">
      <Filter>Header Files</Filter>
    </ClInclude>
    <ClInclude Include="ASMTPart.h">
      <Filter>Header Files</Filter>
    </ClInclude>
    <ClInclude Include="ASMTKinematicIJ.h">
      <Filter>Header Files</Filter>
    </ClInclude>
    <ClInclude Include="ASMTConstraintSet.h">
      <Filter>Header Files</Filter>
    </ClInclude>
    <ClInclude Include="ASMTForceTorque.h">
      <Filter>Header Files</Filter>
    </ClInclude>
    <ClInclude Include="ASMTConstantGravity.h">
      <Filter>Header Files</Filter>
    </ClInclude>
    <ClInclude Include="ASMTSimulationParameters.h">
      <Filter>Header Files</Filter>
    </ClInclude>
    <ClInclude Include="ASMTAnimationParameters.h">
      <Filter>Header Files</Filter>
    </ClInclude>
    <ClInclude Include="ASMTMarker.h">
      <Filter>Header Files</Filter>
    </ClInclude>
    <ClInclude Include="ASMTExtrusion.h">
      <Filter>Header Files</Filter>
    </ClInclude>
    <ClInclude Include="ASMTPrincipalMassMarker.h">
      <Filter>Header Files</Filter>
    </ClInclude>
    <ClInclude Include="ASMTJoint.h">
      <Filter>Header Files</Filter>
    </ClInclude>
    <ClInclude Include="ASMTMotion.h">
      <Filter>Header Files</Filter>
    </ClInclude>
    <ClInclude Include="ASMTRevoluteJoint.h">
      <Filter>Header Files</Filter>
    </ClInclude>
    <ClInclude Include="ASMTCylindricalJoint.h">
      <Filter>Header Files</Filter>
    </ClInclude>
    <ClInclude Include="ASMTRotationalMotion.h">
      <Filter>Header Files</Filter>
    </ClInclude>
    <ClInclude Include="ASMTTranslationalMotion.h">
      <Filter>Header Files</Filter>
    </ClInclude>
    <ClInclude Include="ASMTGeneralMotion.h">
      <Filter>Header Files</Filter>
    </ClInclude>
    <ClInclude Include="ASMTSpatialItem.h">
      <Filter>Header Files</Filter>
    </ClInclude>
    <ClInclude Include="ASMTSpatialContainer.h">
      <Filter>Header Files</Filter>
    </ClInclude>
    <ClInclude Include="ExternalSystem.h">
      <Filter>Header Files</Filter>
    </ClInclude>
    <ClInclude Include="ASMTItemIJ.h">
      <Filter>Header Files</Filter>
    </ClInclude>
    <ClInclude Include="ASMTRefItem.h">
      <Filter>Header Files</Filter>
    </ClInclude>
    <ClInclude Include="ASMTTime.h">
      <Filter>Header Files</Filter>
    </ClInclude>
    <ClInclude Include="ConstantGravity.h">
      <Filter>Header Files</Filter>
    </ClInclude>
    <ClInclude Include="SymbolicParser.h">
      <Filter>Header Files</Filter>
    </ClInclude>
    <ClInclude Include="Units.h">
      <Filter>Header Files</Filter>
    </ClInclude>
    <ClInclude Include="SyntaxError.h">
      <Filter>Header Files</Filter>
    </ClInclude>
    <ClInclude Include="FunctionXY.h">
      <Filter>Header Files</Filter>
    </ClInclude>
    <ClInclude Include="Power.h">
      <Filter>Header Files</Filter>
    </ClInclude>
    <ClInclude Include="Abs.h">
      <Filter>Header Files</Filter>
    </ClInclude>
    <ClInclude Include="Sine.h">
      <Filter>Header Files</Filter>
    </ClInclude>
    <ClInclude Include="ArcTan.h">
      <Filter>Header Files</Filter>
    </ClInclude>
    <ClInclude Include="Ln.h">
      <Filter>Header Files</Filter>
    </ClInclude>
    <ClInclude Include="EulerAngles.h">
      <Filter>Header Files</Filter>
    </ClInclude>
    <ClInclude Include="Cosine.h">
      <Filter>Header Files</Filter>
    </ClInclude>
    <ClInclude Include="ArcTan2.h">
      <Filter>Header Files</Filter>
    </ClInclude>
    <ClInclude Include="Exponential.h">
      <Filter>Header Files</Filter>
    </ClInclude>
    <ClInclude Include="Log10.h">
      <Filter>Header Files</Filter>
    </ClInclude>
    <ClInclude Include="LogN.h">
      <Filter>Header Files</Filter>
    </ClInclude>
    <ClInclude Include="Negative.h">
      <Filter>Header Files</Filter>
    </ClInclude>
    <ClInclude Include="Reciprocal.h">
      <Filter>Header Files</Filter>
    </ClInclude>
    <ClInclude Include="ASMTTranslationalJoint.h">
      <Filter>Header Files</Filter>
    </ClInclude>
    <ClInclude Include="ASMTSphericalJoint.h">
      <Filter>Header Files</Filter>
    </ClInclude>
    <ClInclude Include="ASMTFixedJoint.h">
      <Filter>Header Files</Filter>
    </ClInclude>
    <ClInclude Include="FunctionXcParameter.h">
      <Filter>Header Files</Filter>
    </ClInclude>
    <ClInclude Include="FunctionFromData.h">
      <Filter>Header Files</Filter>
    </ClInclude>
    <ClInclude Include="GeneralSpline.h">
      <Filter>Header Files</Filter>
    </ClInclude>
    <ClInclude Include="DifferentiatedGeneralSpline.h">
      <Filter>Header Files</Filter>
    </ClInclude>
    <ClInclude Include="AnyGeneralSpline.h">
      <Filter>Header Files</Filter>
    </ClInclude>
    <ClInclude Include="ASMTUniversalJoint.h">
      <Filter>Header Files</Filter>
    </ClInclude>
    <ClInclude Include="EulerAnglesDot.h">
      <Filter>Header Files</Filter>
    </ClInclude>
    <ClInclude Include="EulerAnglesDDot.h">
      <Filter>Header Files</Filter>
    </ClInclude>
    <ClInclude Include="EndFrameqct2.h">
      <Filter>Header Files</Filter>
    </ClInclude>
    <ClInclude Include="ASMTPointInPlaneJoint.h">
      <Filter>Header Files</Filter>
    </ClInclude>
    <ClInclude Include="ArcSine.h">
      <Filter>Header Files</Filter>
    </ClInclude>
    <ClInclude Include="ASMTPointInLineJoint.h">
      <Filter>Header Files</Filter>
    </ClInclude>
    <ClInclude Include="ASMTNoRotationJoint.h">
      <Filter>Header Files</Filter>
    </ClInclude>
    <ClInclude Include="EigenDecomposition.h">
      <Filter>Header Files</Filter>
    </ClInclude>
    <ClInclude Include="MomentOfInertiaSolver.h">
      <Filter>Header Files</Filter>
    </ClInclude>
    <ClInclude Include="PiecewiseFunction.h">
      <Filter>Header Files</Filter>
    </ClInclude>
    <ClInclude Include="Polynomial.h">
      <Filter>Header Files</Filter>
    </ClInclude>
    <ClInclude Include="RampStepFunction.h">
      <Filter>Header Files</Filter>
    </ClInclude>
    <ClInclude Include="StepFunction.h">
      <Filter>Header Files</Filter>
    </ClInclude>
    <ClInclude Include="Integral.h">
      <Filter>Header Files</Filter>
    </ClInclude>
    <ClInclude Include="..\testapp\OndselSolver.h">
      <Filter>Header Files</Filter>
    </ClInclude>
    <ClInclude Include="ASMTInLineJoint.h">
      <Filter>Header Files</Filter>
    </ClInclude>
    <ClInclude Include="ASMTInPlaneJoint.h">
      <Filter>Header Files</Filter>
    </ClInclude>
    <ClInclude Include="ASMTPlanarJoint.h">
      <Filter>Header Files</Filter>
    </ClInclude>
    <ClInclude Include="ASMTLineInPlaneJoint.h">
      <Filter>Header Files</Filter>
    </ClInclude>
    <ClInclude Include="ASMTAngleJoint.h">
      <Filter>Header Files</Filter>
    </ClInclude>
    <ClInclude Include="ASMTConstantVelocityJoint.h">
      <Filter>Header Files</Filter>
    </ClInclude>
    <ClInclude Include="ASMTCylSphJoint.h">
      <Filter>Header Files</Filter>
    </ClInclude>
    <ClInclude Include="ASMTGearJoint.h">
      <Filter>Header Files</Filter>
    </ClInclude>
    <ClInclude Include="ASMTScrewJoint.h">
      <Filter>Header Files</Filter>
    </ClInclude>
    <ClInclude Include="ASMTRackPinionJoint.h">
      <Filter>Header Files</Filter>
    </ClInclude>
    <ClInclude Include="ASMTParallelAxesJoint.h">
      <Filter>Header Files</Filter>
    </ClInclude>
    <ClInclude Include="ASMTPerpendicularJoint.h">
      <Filter>Header Files</Filter>
    </ClInclude>
    <ClInclude Include="ASMTRevCylJoint.h">
      <Filter>Header Files</Filter>
    </ClInclude>
    <ClInclude Include="ASMTSphSphJoint.h">
      <Filter>Header Files</Filter>
    </ClInclude>
    <ClInclude Include="ASMTAtPointJoint.h">
      <Filter>Header Files</Filter>
    </ClInclude>
    <ClInclude Include="ASMTCompoundJoint.h">
      <Filter>Header Files</Filter>
    </ClInclude>
    <ClInclude Include="Functions.h">
      <Filter>Header Files</Filter>
    </ClInclude>
    <ClInclude Include="Transitions.h">
      <Filter>Header Files</Filter>
    </ClInclude>
    <ClInclude Include="Arguments.h">
      <Filter>Header Files</Filter>
    </ClInclude>
    <ClInclude Include="ASMTRevRevJoint.h">
      <Filter>Header Files</Filter>
    </ClInclude>
    <ClInclude Include="RevRevJoint.h">
      <Filter>Header Files</Filter>
    </ClInclude>
    <ClInclude Include="PosICDragNewtonRaphson.h">
      <Filter>Header Files</Filter>
    </ClInclude>
    <ClInclude Include="AllowZRotation.h">
      <Filter>Header Files</Filter>
    </ClInclude>
    <ClInclude Include="AllowZRotationConstraintIqctJqc.h">
      <Filter>Header Files</Filter>
    </ClInclude>
    <ClInclude Include="ASMTAllowRotation.h">
      <Filter>Header Files</Filter>
    </ClInclude>
    <ClInclude Include="ASMTLimit.h">
      <Filter>Header Files</Filter>
    </ClInclude>
    <ClInclude Include="ASMTRotationLimit.h">
      <Filter>Header Files</Filter>
    </ClInclude>
    <ClInclude Include="ASMTTranslationLimit.h">
      <Filter>Header Files</Filter>
    </ClInclude>
    <ClInclude Include="ItemIJ.h">
      <Filter>Header Files</Filter>
    </ClInclude>
    <ClInclude Include="LimitIJ.h">
      <Filter>Header Files</Filter>
    </ClInclude>
    <ClInclude Include="RotationLimitIJ.h">
      <Filter>Header Files</Filter>
    </ClInclude>
    <ClInclude Include="TranslationLimitIJ.h">
      <Filter>Header Files</Filter>
    </ClInclude>
    <ClInclude Include="PosICDragLimitNewtonRaphson.h">
      <Filter>Header Files</Filter>
    </ClInclude>
    <ClInclude Include="ConstraintSet.h">
      <Filter>Header Files</Filter>
    </ClInclude>
    <ClInclude Include="AngleZConstraintIJ.h">
      <Filter>Header Files</Filter>
    </ClInclude>
    <ClInclude Include="AngleZConstraintIqcJc.h">
      <Filter>Header Files</Filter>
    </ClInclude>
    <ClInclude Include="AngleZConstraintIqcJqc.h">
      <Filter>Header Files</Filter>
    </ClInclude>
    <ClInclude Include="ASMTContact.h">
      <Filter>Header Files</Filter>
    </ClInclude>
    <ClInclude Include="ASMTCylCylContact.h">
      <Filter>Header Files</Filter>
    </ClInclude>
    <ClInclude Include="ASMTConeConeContact.h">
      <Filter>Header Files</Filter>
    </ClInclude>
    <ClInclude Include="ASMTCylConeContact.h">
      <Filter>Header Files</Filter>
    </ClInclude>
  </ItemGroup>
  <ItemGroup>
    <ResourceCompile Include="OndselSolver.rc">
      <Filter>Resource Files</Filter>
    </ResourceCompile>
  </ItemGroup>
  <ItemGroup>
    <None Include="..\testapp\00backhoe.asmt" />
    <None Include="..\testapp\circular.asmt" />
    <None Include="..\testapp\cirpendu.asmt" />
    <None Include="..\testapp\cirpendu2.asmt" />
    <None Include="..\testapp\CrankSlider2.mbd" />
    <None Include="..\testapp\crank_slider.mbd" />
    <None Include="..\testapp\crank_sliderX.mbd" />
    <None Include="..\testapp\engine1.asmt" />
    <None Include="..\testapp\fourbar.asmt" />
    <None Include="..\testapp\fourbot.asmt" />
    <None Include="..\testapp\gyro.asmt" />
    <None Include="..\testapp\InitialConditions.mbd" />
    <None Include="..\testapp\piston.asmt" />
    <None Include="..\testapp\quasikine.asmt" />
    <None Include="..\testapp\robot.asmt" />
    <None Include="..\testapp\SphericalHinge.mbd" />
    <None Include="..\testapp\wobpump.asmt" />
    <None Include="..\testapp\planarbug.asmt" />
    <None Include="..\testapp\rackscrew.asmt" />
    <None Include="..\testapp\constvel.asmt" />
    <None Include="..\testapp\anglejoint.asmt" />
    <None Include="..\testapp\Gears.asmt" />
    <None Include="..\testapp\runPreDragBackhoe.asmt" />
    <None Include="..\testapp\runPreDragBackhoe2.asmt" />
    <None Include="..\testapp\runPreDragBackhoe3.asmt" />
    <None Include="..\testapp\__cubes.asmt" />
    <None Include="..\testapp\runPreDrag.asmt" />
    <None Include="..\testapp\limits.asmt" />
    <None Include="..\testapp\rackPinion.asmt" />
    <None Include="..\testapp\rackPinion3.asmt" />
    <None Include="..\testapp\dragCrankSlider.asmt" />
    <None Include="..\testapp\pistonAllowZRotation.asmt" />
    <None Include="..\testapp\pistonWithLimits.asmt" />
    <None Include="..\testapp\dragCrankSlider.asmt.bak" />
    <None Include="..\testapp\Schmidt_Coupling_Ass_1-1.asmt" />
    <None Include="..\testapp\Schmidt_Coupling_Ass_1-2.asmt" />
    <None Include="..\testapp\Schmidt_Coupling_Ass_1a.asmt" />
    <None Include="..\testapp\CylSphJt.asmt" />
    <None Include="..\testapp\part32.asmt" />
    <None Include="..\testapp\RevCylJt.asmt" />
    <None Include="..\testapp\RevRevJt.asmt" />
    <None Include="..\testapp\SphSphJt.asmt" />
    <None Include="..\testapp\00camrocker.asmt" />
    <None Include="..\testapp\camfollower.asmt" />
    <None Include="..\testapp\circularPendulum.asmt" />
    <None Include="..\testapp\coastharbor2.asmt" />
    <None Include="..\testapp\crank_slider.asmt" />
    <None Include="..\testapp\dxfmotion.asmt" />
    <None Include="..\testapp\dxftree.asmt" />
    <None Include="..\testapp\fixplnplnpln.asmt" />
    <None Include="..\testapp\fixplnplnplnNoOffset.asmt" />
    <None Include="..\testapp\JB_2bars.asmt" />
    <None Include="..\testapp\mateproblembobcat.asmt" />
    <None Include="..\testapp\parm.asmt" />
  </ItemGroup>
  <ItemGroup>
    <Media Include="..\testapp\CrankSlider2.mov" />
    <Media Include="..\testapp\InitialConditionsMBDyn.mov" />
    <Media Include="..\testapp\InitialConditionsOndselSolver.mov" />
    <Media Include="..\testapp\SphericalHinge.mov" />
  </ItemGroup>
  <ItemGroup>
    <Text Include="..\CMakeLists.txt" />
    <Text Include="..\testapp\draggingBackhoe.log" />
    <Text Include="..\testapp\draggingBackhoe2.log" />
    <Text Include="..\testapp\draggingBackhoe3.log" />
    <Text Include="..\testapp\dragging.log" />
  </ItemGroup>
</Project>