
Microsoft Visual Studio Solution File, Format Version 9.00
# Visual C++ Express 2005
Project("{8BC9CEB8-8B4A-11D0-8D11-00A0C91BC942}") = "AppCam", "App\AppCam.vcproj", "{7BCA5FC1-6063-4C3C-84F6-29D5029BEB59}"
EndProject
Project("{8BC9CEB8-8B4A-11D0-8D11-00A0C91BC942}") = "AppCamGui", "Gui\AppCamGui.vcproj", "{071D36BB-65CE-4219-847D-005D2C142D46}"
	ProjectSection(ProjectDependencies) = postProject
		{7BCA5FC1-6063-4C3C-84F6-29D5029BEB59} = {7BCA5FC1-6063-4C3C-84F6-29D5029BEB59}
	EndProjectSection
EndProject
Global
	GlobalSection(SolutionConfigurationPlatforms) = preSolution
		Debug|Win32 = Debug|Win32
		Release|Win32 = Release|Win32
	EndGlobalSection
	GlobalSection(ProjectConfigurationPlatforms) = postSolution
		{7BCA5FC1-6063-4C3C-84F6-29D5029BEB59}.Debug|Win32.ActiveCfg = Debug|Win32
		{7BCA5FC1-6063-4C3C-84F6-29D5029BEB59}.Debug|Win32.Build.0 = Debug|Win32
		{7BCA5FC1-6063-4C3C-84F6-29D5029BEB59}.Release|Win32.ActiveCfg = Release|Win32
		{7BCA5FC1-6063-4C3C-84F6-29D5029BEB59}.Release|Win32.Build.0 = Release|Win32
		{071D36BB-65CE-4219-847D-005D2C142D46}.Debug|Win32.ActiveCfg = Debug|Win32
		{071D36BB-65CE-4219-847D-005D2C142D46}.Debug|Win32.Build.0 = Debug|Win32
		{071D36BB-65CE-4219-847D-005D2C142D46}.Release|Win32.ActiveCfg = Release|Win32
		{071D36BB-65CE-4219-847D-005D2C142D46}.Release|Win32.Build.0 = Release|Win32
	EndGlobalSection
	GlobalSection(SolutionProperties) = preSolution
		HideSolutionNode = FALSE
	EndGlobalSection
EndGlobal
