
Microsoft Visual Studio Solution File, Format Version 12.00
# Visual Studio Version 16
VisualStudioVersion = 16.0.31410.357
MinimumVisualStudioVersion = 10.0.40219.1
Project("{8BC9CEB8-8B4A-11D0-8D11-00A0C91BC942}") = "FCThumbs", "FCThumbs.vcxproj", "{5E406625-AFD6-4849-875F-C5740E98A28E}"
EndProject
Global
	GlobalSection(SolutionConfigurationPlatforms) = preSolution
		Debug|Win32 = Debug|Win32
		Debug|x64 = Debug|x64
		Release|Win32 = Release|Win32
		Release|x64 = Release|x64
		Unicode Debug|Win32 = Unicode Debug|Win32
		Unicode Debug|x64 = Unicode Debug|x64
		Unicode Release|Win32 = Unicode Release|Win32
		Unicode Release|x64 = Unicode Release|x64
	EndGlobalSection
	GlobalSection(ProjectConfigurationPlatforms) = postSolution
		{5E406625-AFD6-4849-875F-C5740E98A28E}.Debug|Win32.ActiveCfg = Debug|Win32
		{5E406625-AFD6-4849-875F-C5740E98A28E}.Debug|Win32.Build.0 = Debug|Win32
		{5E406625-AFD6-4849-875F-C5740E98A28E}.Debug|x64.ActiveCfg = Debug|x64
		{5E406625-AFD6-4849-875F-C5740E98A28E}.Debug|x64.Build.0 = Debug|x64
		{5E406625-AFD6-4849-875F-C5740E98A28E}.Release|Win32.ActiveCfg = Release|Win32
		{5E406625-AFD6-4849-875F-C5740E98A28E}.Release|Win32.Build.0 = Release|Win32
		{5E406625-AFD6-4849-875F-C5740E98A28E}.Release|x64.ActiveCfg = Release|x64
		{5E406625-AFD6-4849-875F-C5740E98A28E}.Release|x64.Build.0 = Release|x64
		{5E406625-AFD6-4849-875F-C5740E98A28E}.Unicode Debug|Win32.ActiveCfg = Debug|Win32
		{5E406625-AFD6-4849-875F-C5740E98A28E}.Unicode Debug|Win32.Build.0 = Debug|Win32
		{5E406625-AFD6-4849-875F-C5740E98A28E}.Unicode Debug|x64.ActiveCfg = Debug|x64
		{5E406625-AFD6-4849-875F-C5740E98A28E}.Unicode Debug|x64.Build.0 = Debug|x64
		{5E406625-AFD6-4849-875F-C5740E98A28E}.Unicode Release|Win32.ActiveCfg = Release|Win32
		{5E406625-AFD6-4849-875F-C5740E98A28E}.Unicode Release|Win32.Build.0 = Release|Win32
		{5E406625-AFD6-4849-875F-C5740E98A28E}.Unicode Release|x64.ActiveCfg = Release|x64
		{5E406625-AFD6-4849-875F-C5740E98A28E}.Unicode Release|x64.Build.0 = Release|x64
	EndGlobalSection
	GlobalSection(SolutionProperties) = preSolution
		HideSolutionNode = FALSE
	EndGlobalSection
	GlobalSection(ExtensibilityGlobals) = postSolution
		SolutionGuid = {A0E0D5A0-B2A9-4F06-8772-5B26FF1EC437}
	EndGlobalSection
EndGlobal
