
Microsoft Visual Studio Solution File, Format Version 9.00
# Visual Studio 2005
Project("{8BC9CEB8-8B4A-11D0-8D11-00A0C91BC942}") = "AppJtReader", "App\AppJtReader.vcproj", "{E62A766A-E6A5-4065-B2F9-561D6A787EF0}"
EndProject
Global
	GlobalSection(SolutionConfigurationPlatforms) = preSolution
		Debug|Win32 = Debug|Win32
		Release|Win32 = Release|Win32
	EndGlobalSection
	GlobalSection(ProjectConfigurationPlatforms) = postSolution
		{E62A766A-E6A5-4065-B2F9-561D6A787EF0}.Debug|Win32.ActiveCfg = Debug|Win32
		{E62A766A-E6A5-4065-B2F9-561D6A787EF0}.Debug|Win32.Build.0 = Debug|Win32
		{E62A766A-E6A5-4065-B2F9-561D6A787EF0}.Release|Win32.ActiveCfg = Release|Win32
		{E62A766A-E6A5-4065-B2F9-561D6A787EF0}.Release|Win32.Build.0 = Release|Win32
	EndGlobalSection
	GlobalSection(SolutionProperties) = preSolution
		HideSolutionNode = FALSE
	EndGlobalSection
EndGlobal
