<?xml version="1.0" encoding="utf-8"?>
<Project ToolsVersion="4.0" xmlns="http://schemas.microsoft.com/developer/msbuild/2003">
  <ItemGroup>
    <Filter Include="Source Files">
      <UniqueIdentifier>{4FC737F1-C7A5-4376-A066-2A32D752A2FF}</UniqueIdentifier>
      <Extensions>cpp;c;cc;cxx;c++;cppm;ixx;def;odl;idl;hpj;bat;asm;asmx</Extensions>
    </Filter>
    <Filter Include="Header Files">
      <UniqueIdentifier>{93995380-89BD-4b04-88EB-625FBE52EBFB}</UniqueIdentifier>
      <Extensions>h;hh;hpp;hxx;h++;hm;inl;inc;ipp;xsd</Extensions>
    </Filter>
    <Filter Include="Resource Files">
      <UniqueIdentifier>{67DA6AB6-F800-4c08-8B7A-83BB121AAD01}</UniqueIdentifier>
      <Extensions>rc;ico;cur;bmp;dlg;rc2;rct;bin;rgs;gif;jpg;jpeg;jpe;resx;tiff;tif;png;wav;mfcribbon-ms</Extensions>
    </Filter>
  </ItemGroup>
  <ItemGroup>
    <ClCompile Include="MbDCode.cpp">
      <Filter>Source Files</Filter>
    </ClCompile>
    <ClCompile Include="Array.cpp">
      <Filter>Source Files</Filter>
    </ClCompile>
    <ClCompile Include="Item.cpp">
      <Filter>Source Files</Filter>
    </ClCompile>
    <ClCompile Include="Solver.cpp">
      <Filter>Source Files</Filter>
    </ClCompile>
    <ClCompile Include="System.cpp">
      <Filter>Source Files</Filter>
    </ClCompile>
    <ClCompile Include="SystemSolver.cpp">
      <Filter>Source Files</Filter>
    </ClCompile>
    <ClCompile Include="NewtonRaphson.cpp">
      <Filter>Source Files</Filter>
    </ClCompile>
    <ClCompile Include="Joint.cpp">
      <Filter>Source Files</Filter>
    </ClCompile>
    <ClCompile Include="Part.cpp">
      <Filter>Source Files</Filter>
    </ClCompile>
    <ClCompile Include="FullColumn.cpp">
      <Filter>Source Files</Filter>
    </ClCompile>
    <ClCompile Include="PartFrame.cpp">
      <Filter>Source Files</Filter>
    </ClCompile>
    <ClCompile Include="AbsConstraint.cpp">
      <Filter>Source Files</Filter>
    </ClCompile>
    <ClCompile Include="CartesianFrame.cpp">
      <Filter>Source Files</Filter>
    </ClCompile>
    <ClCompile Include="Constraint.cpp">
      <Filter>Source Files</Filter>
    </ClCompile>
    <ClCompile Include="EulerConstraint.cpp">
      <Filter>Source Files</Filter>
    </ClCompile>
    <ClCompile Include="FullRow.cpp">
      <Filter>Source Files</Filter>
    </ClCompile>
    <ClCompile Include="MarkerFrame.cpp">
      <Filter>Source Files</Filter>
    </ClCompile>
    <ClCompile Include="DiagonalMatrix.cpp">
      <Filter>Source Files</Filter>
    </ClCompile>
    <ClCompile Include="FullMatrix.cpp">
      <Filter>Source Files</Filter>
    </ClCompile>
    <ClCompile Include="RowTypeMatrix.cpp">
      <Filter>Source Files</Filter>
    </ClCompile>
    <ClCompile Include="EndFramec.cpp">
      <Filter>Source Files</Filter>
    </ClCompile>
    <ClCompile Include="EndFrameqc.cpp">
      <Filter>Source Files</Filter>
    </ClCompile>
    <ClCompile Include="EndFrameqct.cpp">
      <Filter>Source Files</Filter>
    </ClCompile>
    <ClCompile Include="Vector.cpp">
      <Filter>Source Files</Filter>
    </ClCompile>
    <ClCompile Include="SparseColumn.cpp">
      <Filter>Source Files</Filter>
    </ClCompile>
    <ClCompile Include="SparseMatrix.cpp">
      <Filter>Source Files</Filter>
    </ClCompile>
    <ClCompile Include="SparseRow.cpp">
      <Filter>Source Files</Filter>
    </ClCompile>
    <ClCompile Include="SparseVector.cpp">
      <Filter>Source Files</Filter>
    </ClCompile>
    <ClCompile Include="RevoluteJoint.cpp">
      <Filter>Source Files</Filter>
    </ClCompile>
    <ClCompile Include="CylindricalJoint.cpp">
      <Filter>Source Files</Filter>
    </ClCompile>
    <ClCompile Include="PrescribedMotion.cpp">
      <Filter>Source Files</Filter>
    </ClCompile>
    <ClCompile Include="ZRotation.cpp">
      <Filter>Source Files</Filter>
    </ClCompile>
    <ClCompile Include="EulerArray.cpp">
      <Filter>Source Files</Filter>
    </ClCompile>
    <ClCompile Include="EulerParameters.cpp">
      <Filter>Source Files</Filter>
    </ClCompile>
    <ClCompile Include="Symbolic.cpp">
      <Filter>Source Files</Filter>
    </ClCompile>
    <ClCompile Include="Variable.cpp">
      <Filter>Source Files</Filter>
    </ClCompile>
    <ClCompile Include="IndependentVariable.cpp">
      <Filter>Source Files</Filter>
    </ClCompile>
    <ClCompile Include="Time.cpp">
      <Filter>Source Files</Filter>
    </ClCompile>
    <ClCompile Include="UserFunction.cpp">
      <Filter>Source Files</Filter>
    </ClCompile>
    <ClCompile Include="BasicUserFunction.cpp">
      <Filter>Source Files</Filter>
    </ClCompile>
    <ClCompile Include="Constant.cpp">
      <Filter>Source Files</Filter>
    </ClCompile>
    <ClCompile Include="ConstraintIJ.cpp">
      <Filter>Source Files</Filter>
    </ClCompile>
    <ClCompile Include="DirectionCosineConstraintIJ.cpp">
      <Filter>Source Files</Filter>
    </ClCompile>
    <ClCompile Include="KinematicIeJe.cpp">
      <Filter>Source Files</Filter>
    </ClCompile>
    <ClCompile Include="DirectionCosineIecJec.cpp">
      <Filter>Source Files</Filter>
    </ClCompile>
    <ClCompile Include="DirectionCosineIeqcJec.cpp">
      <Filter>Source Files</Filter>
    </ClCompile>
    <ClCompile Include="DirectionCosineIeqcJeqc.cpp">
      <Filter>Source Files</Filter>
    </ClCompile>
    <ClCompile Include="DirectionCosineIeqctJeqc.cpp">
      <Filter>Source Files</Filter>
    </ClCompile>
    <ClCompile Include="Function.cpp">
      <Filter>Source Files</Filter>
    </ClCompile>
    <ClCompile Include="FunctionWithManyArgs.cpp">
      <Filter>Source Files</Filter>
    </ClCompile>
    <ClCompile Include="Product.cpp">
      <Filter>Source Files</Filter>
    </ClCompile>
    <ClCompile Include="Sum.cpp">
      <Filter>Source Files</Filter>
    </ClCompile>
    <ClCompile Include="FunctionX.cpp">
      <Filter>Source Files</Filter>
    </ClCompile>
    <ClCompile Include="ExpressionX.cpp">
      <Filter>Source Files</Filter>
    </ClCompile>
    <ClCompile Include="DirectionCosineConstraintIqcJc.cpp">
      <Filter>Source Files</Filter>
    </ClCompile>
    <ClCompile Include="DirectionCosineConstraintIqcJqc.cpp">
      <Filter>Source Files</Filter>
    </ClCompile>
    <ClCompile Include="DirectionCosineConstraintIqctJqc.cpp">
      <Filter>Source Files</Filter>
    </ClCompile>
    <ClCompile Include="TranslationConstraintIJ.cpp">
      <Filter>Source Files</Filter>
    </ClCompile>
    <ClCompile Include="TranslationConstraintIqcJc.cpp">
      <Filter>Source Files</Filter>
    </ClCompile>
    <ClCompile Include="TranslationConstraintIqcJqc.cpp">
      <Filter>Source Files</Filter>
    </ClCompile>
    <ClCompile Include="TranslationConstraintIqctJqc.cpp">
      <Filter>Source Files</Filter>
    </ClCompile>
    <ClCompile Include="DispCompIecJecKec.cpp">
      <Filter>Source Files</Filter>
    </ClCompile>
    <ClCompile Include="DispCompIecJecKeqc.cpp">
      <Filter>Source Files</Filter>
    </ClCompile>
    <ClCompile Include="DispCompIeqcJecKeqc.cpp">
      <Filter>Source Files</Filter>
    </ClCompile>
    <ClCompile Include="DispCompIeqcJeqcKeqc.cpp">
      <Filter>Source Files</Filter>
    </ClCompile>
    <ClCompile Include="DispCompIeqcJeqcKeqct.cpp">
      <Filter>Source Files</Filter>
    </ClCompile>
    <ClCompile Include="DispCompIeqctJeqcKeqct.cpp">
      <Filter>Source Files</Filter>
    </ClCompile>
    <ClCompile Include="AtPointConstraintIJ.cpp">
      <Filter>Source Files</Filter>
    </ClCompile>
    <ClCompile Include="AtPointConstraintIqcJc.cpp">
      <Filter>Source Files</Filter>
    </ClCompile>
    <ClCompile Include="AtPointConstraintIqcJqc.cpp">
      <Filter>Source Files</Filter>
    </ClCompile>
    <ClCompile Include="AtPointConstraintIqctJqc.cpp">
      <Filter>Source Files</Filter>
    </ClCompile>
    <ClCompile Include="DispCompIecJecO.cpp">
      <Filter>Source Files</Filter>
    </ClCompile>
    <ClCompile Include="DispCompIeqcJecO.cpp">
      <Filter>Source Files</Filter>
    </ClCompile>
    <ClCompile Include="DispCompIeqcJeqcO.cpp">
      <Filter>Source Files</Filter>
    </ClCompile>
    <ClCompile Include="DispCompIeqctJeqcO.cpp">
      <Filter>Source Files</Filter>
    </ClCompile>
    <ClCompile Include="Integrator.cpp">
      <Filter>Source Files</Filter>
    </ClCompile>
    <ClCompile Include="IntegratorInterface.cpp">
      <Filter>Source Files</Filter>
    </ClCompile>
    <ClCompile Include="BasicIntegrator.cpp">
      <Filter>Source Files</Filter>
    </ClCompile>
    <ClCompile Include="QuasiIntegrator.cpp">
      <Filter>Source Files</Filter>
    </ClCompile>
    <ClCompile Include="KineIntegrator.cpp">
      <Filter>Source Files</Filter>
    </ClCompile>
    <ClCompile Include="BasicQuasiIntegrator.cpp">
      <Filter>Source Files</Filter>
    </ClCompile>
    <ClCompile Include="MatrixSolver.cpp">
      <Filter>Source Files</Filter>
    </ClCompile>
    <ClCompile Include="MatrixGaussElimination.cpp">
      <Filter>Source Files</Filter>
    </ClCompile>
    <ClCompile Include="GESpMat3.cpp">
      <Filter>Source Files</Filter>
    </ClCompile>
    <ClCompile Include="GESpMatFullPv.cpp">
      <Filter>Source Files</Filter>
    </ClCompile>
    <ClCompile Include="GESpMatFullPvPosIC.cpp">
      <Filter>Source Files</Filter>
    </ClCompile>
    <ClCompile Include="GESpMatParPv.cpp">
      <Filter>Source Files</Filter>
    </ClCompile>
    <ClCompile Include="GESpMatParPvMarko.cpp">
      <Filter>Source Files</Filter>
    </ClCompile>
    <ClCompile Include="GESpMatParPvMarkoFast.cpp">
      <Filter>Source Files</Filter>
    </ClCompile>
    <ClCompile Include="GESpMatParPvPrecise.cpp">
      <Filter>Source Files</Filter>
    </ClCompile>
    <ClCompile Include="AnyPosICNewtonRaphson.cpp">
      <Filter>Source Files</Filter>
    </ClCompile>
    <ClCompile Include="PosICKineNewtonRaphson.cpp">
      <Filter>Source Files</Filter>
    </ClCompile>
    <ClCompile Include="PosICNewtonRaphson.cpp">
      <Filter>Source Files</Filter>
    </ClCompile>
    <ClCompile Include="PosKineNewtonRaphson.cpp">
      <Filter>Source Files</Filter>
    </ClCompile>
    <ClCompile Include="PosNewtonRaphson.cpp">
      <Filter>Source Files</Filter>
    </ClCompile>
    <ClCompile Include="ScalarNewtonRaphson.cpp">
      <Filter>Source Files</Filter>
    </ClCompile>
    <ClCompile Include="SystemNewtonRaphson.cpp">
      <Filter>Source Files</Filter>
    </ClCompile>
    <ClCompile Include="VectorNewtonRaphson.cpp">
      <Filter>Source Files</Filter>
    </ClCompile>
    <ClCompile Include="EulerParametersDot.cpp">
      <Filter>Source Files</Filter>
    </ClCompile>
    <ClCompile Include="CREATE.cpp">
      <Filter>Source Files</Filter>
    </ClCompile>
    <ClCompile Include="SingularMatrixError.cpp">
      <Filter>Source Files</Filter>
    </ClCompile>
    <ClCompile Include="EulerAngleszxz.cpp">
      <Filter>Source Files</Filter>
    </ClCompile>
    <ClCompile Include="GEFullMat.cpp">
      <Filter>Source Files</Filter>
    </ClCompile>
    <ClCompile Include="GEFullMatFullPv.cpp">
      <Filter>Source Files</Filter>
    </ClCompile>
    <ClCompile Include="GEFullMatParPv.cpp">
      <Filter>Source Files</Filter>
    </ClCompile>
    <ClCompile Include="ForceTorqueItem.cpp">
      <Filter>Source Files</Filter>
    </ClCompile>
    <ClCompile Include="RedundantConstraint.cpp">
      <Filter>Source Files</Filter>
    </ClCompile>
  </ItemGroup>
  <ItemGroup>
    <ClInclude Include="Array.h">
      <Filter>Header Files</Filter>
    </ClInclude>
    <ClInclude Include="Item.h">
      <Filter>Header Files</Filter>
    </ClInclude>
    <ClInclude Include="Solver.h">
      <Filter>Header Files</Filter>
    </ClInclude>
    <ClInclude Include="System.h">
      <Filter>Header Files</Filter>
    </ClInclude>
    <ClInclude Include="SystemSolver.h">
      <Filter>Header Files</Filter>
    </ClInclude>
    <ClInclude Include="NewtonRaphson.h">
      <Filter>Header Files</Filter>
    </ClInclude>
    <ClInclude Include="Joint.h">
      <Filter>Header Files</Filter>
    </ClInclude>
    <ClInclude Include="Part.h">
      <Filter>Header Files</Filter>
    </ClInclude>
    <ClInclude Include="FullColumn.h">
      <Filter>Header Files</Filter>
    </ClInclude>
    <ClInclude Include="PartFrame.h">
      <Filter>Header Files</Filter>
    </ClInclude>
    <ClInclude Include="AbsConstraint.h">
      <Filter>Header Files</Filter>
    </ClInclude>
    <ClInclude Include="CartesianFrame.h">
      <Filter>Header Files</Filter>
    </ClInclude>
    <ClInclude Include="Constraint.h">
      <Filter>Header Files</Filter>
    </ClInclude>
    <ClInclude Include="EulerConstraint.h">
      <Filter>Header Files</Filter>
    </ClInclude>
    <ClInclude Include="FullRow.h">
      <Filter>Header Files</Filter>
    </ClInclude>
    <ClInclude Include="MarkerFrame.h">
      <Filter>Header Files</Filter>
    </ClInclude>
    <ClInclude Include="DiagonalMatrix.h">
      <Filter>Header Files</Filter>
    </ClInclude>
    <ClInclude Include="FullMatrix.h">
      <Filter>Header Files</Filter>
    </ClInclude>
    <ClInclude Include="RowTypeMatrix.h">
      <Filter>Header Files</Filter>
    </ClInclude>
    <ClInclude Include="EndFramec.h">
      <Filter>Header Files</Filter>
    </ClInclude>
    <ClInclude Include="EndFrameqc.h">
      <Filter>Header Files</Filter>
    </ClInclude>
    <ClInclude Include="EndFrameqct.h">
      <Filter>Header Files</Filter>
    </ClInclude>
    <ClInclude Include="MbDCode.h">
      <Filter>Header Files</Filter>
    </ClInclude>
    <ClInclude Include="Vector.h">
      <Filter>Header Files</Filter>
    </ClInclude>
    <ClInclude Include="SparseColumn.h">
      <Filter>Header Files</Filter>
    </ClInclude>
    <ClInclude Include="SparseMatrix.h">
      <Filter>Header Files</Filter>
    </ClInclude>
    <ClInclude Include="SparseRow.h">
      <Filter>Header Files</Filter>
    </ClInclude>
    <ClInclude Include="SparseVector.h">
      <Filter>Header Files</Filter>
    </ClInclude>
    <ClInclude Include="RevoluteJoint.h">
      <Filter>Header Files</Filter>
    </ClInclude>
    <ClInclude Include="CylindricalJoint.h">
      <Filter>Header Files</Filter>
    </ClInclude>
    <ClInclude Include="PrescribedMotion.h">
      <Filter>Header Files</Filter>
    </ClInclude>
    <ClInclude Include="ZRotation.h">
      <Filter>Header Files</Filter>
    </ClInclude>
    <ClInclude Include="EulerArray.h">
      <Filter>Header Files</Filter>
    </ClInclude>
    <ClInclude Include="EulerParameters.h">
      <Filter>Header Files</Filter>
    </ClInclude>
    <ClInclude Include="Symbolic.h">
      <Filter>Header Files</Filter>
    </ClInclude>
    <ClInclude Include="Variable.h">
      <Filter>Header Files</Filter>
    </ClInclude>
    <ClInclude Include="IndependentVariable.h">
      <Filter>Header Files</Filter>
    </ClInclude>
    <ClInclude Include="Time.h">
      <Filter>Header Files</Filter>
    </ClInclude>
    <ClInclude Include="UserFunction.h">
      <Filter>Header Files</Filter>
    </ClInclude>
    <ClInclude Include="BasicUserFunction.h">
      <Filter>Header Files</Filter>
    </ClInclude>
    <ClInclude Include="Constant.h">
      <Filter>Header Files</Filter>
    </ClInclude>
    <ClInclude Include="ConstraintIJ.h">
      <Filter>Header Files</Filter>
    </ClInclude>
    <ClInclude Include="DirectionCosineConstraintIJ.h">
      <Filter>Header Files</Filter>
    </ClInclude>
    <ClInclude Include="KinematicIeJe.h">
      <Filter>Header Files</Filter>
    </ClInclude>
    <ClInclude Include="DirectionCosineIecJec.h">
      <Filter>Header Files</Filter>
    </ClInclude>
    <ClInclude Include="DirectionCosineIeqcJec.h">
      <Filter>Header Files</Filter>
    </ClInclude>
    <ClInclude Include="DirectionCosineIeqcJeqc.h">
      <Filter>Header Files</Filter>
    </ClInclude>
    <ClInclude Include="DirectionCosineIeqctJeqc.h">
      <Filter>Header Files</Filter>
    </ClInclude>
    <ClInclude Include="typedef.h">
      <Filter>Header Files</Filter>
    </ClInclude>
    <ClInclude Include="Function.h">
      <Filter>Header Files</Filter>
    </ClInclude>
    <ClInclude Include="FunctionWithManyArgs.h">
      <Filter>Header Files</Filter>
    </ClInclude>
    <ClInclude Include="Product.h">
      <Filter>Header Files</Filter>
    </ClInclude>
    <ClInclude Include="Sum.h">
      <Filter>Header Files</Filter>
    </ClInclude>
    <ClInclude Include="FunctionX.h">
      <Filter>Header Files</Filter>
    </ClInclude>
    <ClInclude Include="ExpressionX.h">
      <Filter>Header Files</Filter>
    </ClInclude>
    <ClInclude Include="DirectionCosineConstraintIqcJc.h">
      <Filter>Header Files</Filter>
    </ClInclude>
    <ClInclude Include="DirectionCosineConstraintIqcJqc.h">
      <Filter>Header Files</Filter>
    </ClInclude>
    <ClInclude Include="DirectionCosineConstraintIqctJqc.h">
      <Filter>Header Files</Filter>
    </ClInclude>
    <ClInclude Include="TranslationConstraintIJ.h">
      <Filter>Header Files</Filter>
    </ClInclude>
    <ClInclude Include="TranslationConstraintIqcJc.h">
      <Filter>Header Files</Filter>
    </ClInclude>
    <ClInclude Include="TranslationConstraintIqcJqc.h">
      <Filter>Header Files</Filter>
    </ClInclude>
    <ClInclude Include="TranslationConstraintIqctJqc.h">
      <Filter>Header Files</Filter>
    </ClInclude>
    <ClInclude Include="DispCompIecJecKec.h">
      <Filter>Header Files</Filter>
    </ClInclude>
    <ClInclude Include="DispCompIecJecKeqc.h">
      <Filter>Header Files</Filter>
    </ClInclude>
    <ClInclude Include="DispCompIeqcJecKeqc.h">
      <Filter>Header Files</Filter>
    </ClInclude>
    <ClInclude Include="DispCompIeqcJeqcKeqc.h">
      <Filter>Header Files</Filter>
    </ClInclude>
    <ClInclude Include="DispCompIeqcJeqcKeqct.h">
      <Filter>Header Files</Filter>
    </ClInclude>
    <ClInclude Include="DispCompIeqctJeqcKeqct.h">
      <Filter>Header Files</Filter>
    </ClInclude>
    <ClInclude Include="AtPointConstraintIJ.h">
      <Filter>Header Files</Filter>
    </ClInclude>
    <ClInclude Include="AtPointConstraintIqcJc.h">
      <Filter>Header Files</Filter>
    </ClInclude>
    <ClInclude Include="AtPointConstraintIqcJqc.h">
      <Filter>Header Files</Filter>
    </ClInclude>
    <ClInclude Include="AtPointConstraintIqctJqc.h">
      <Filter>Header Files</Filter>
    </ClInclude>
    <ClInclude Include="DispCompIecJecO.h">
      <Filter>Header Files</Filter>
    </ClInclude>
    <ClInclude Include="DispCompIeqcJecO.h">
      <Filter>Header Files</Filter>
    </ClInclude>
    <ClInclude Include="DispCompIeqcJeqcO.h">
      <Filter>Header Files</Filter>
    </ClInclude>
    <ClInclude Include="DispCompIeqctJeqcO.h">
      <Filter>Header Files</Filter>
    </ClInclude>
    <ClInclude Include="Integrator.h">
      <Filter>Header Files</Filter>
    </ClInclude>
    <ClInclude Include="IntegratorInterface.h">
      <Filter>Header Files</Filter>
    </ClInclude>
    <ClInclude Include="BasicIntegrator.h">
      <Filter>Header Files</Filter>
    </ClInclude>
    <ClInclude Include="QuasiIntegrator.h">
      <Filter>Header Files</Filter>
    </ClInclude>
    <ClInclude Include="KineIntegrator.h">
      <Filter>Header Files</Filter>
    </ClInclude>
    <ClInclude Include="BasicQuasiIntegrator.h">
      <Filter>Header Files</Filter>
    </ClInclude>
    <ClInclude Include="MatrixSolver.h">
      <Filter>Header Files</Filter>
    </ClInclude>
    <ClInclude Include="MatrixGaussElimination.h">
      <Filter>Header Files</Filter>
    </ClInclude>
    <ClInclude Include="GESpMat3.h">
      <Filter>Header Files</Filter>
    </ClInclude>
    <ClInclude Include="GESpMatFullPv.h">
      <Filter>Header Files</Filter>
    </ClInclude>
    <ClInclude Include="GESpMatFullPvPosIC.h">
      <Filter>Header Files</Filter>
    </ClInclude>
    <ClInclude Include="GESpMatParPv.h">
      <Filter>Header Files</Filter>
    </ClInclude>
    <ClInclude Include="GESpMatParPvMarko.h">
      <Filter>Header Files</Filter>
    </ClInclude>
    <ClInclude Include="GESpMatParPvMarkoFast.h">
      <Filter>Header Files</Filter>
    </ClInclude>
    <ClInclude Include="GESpMatParPvPrecise.h">
      <Filter>Header Files</Filter>
    </ClInclude>
    <ClInclude Include="AnyPosICNewtonRaphson.h">
      <Filter>Header Files</Filter>
    </ClInclude>
    <ClInclude Include="PosICKineNewtonRaphson.h">
      <Filter>Header Files</Filter>
    </ClInclude>
    <ClInclude Include="PosICNewtonRaphson.h">
      <Filter>Header Files</Filter>
    </ClInclude>
    <ClInclude Include="PosKineNewtonRaphson.h">
      <Filter>Header Files</Filter>
    </ClInclude>
    <ClInclude Include="PosNewtonRaphson.h">
      <Filter>Header Files</Filter>
    </ClInclude>
    <ClInclude Include="ScalarNewtonRaphson.h">
      <Filter>Header Files</Filter>
    </ClInclude>
    <ClInclude Include="SystemNewtonRaphson.h">
      <Filter>Header Files</Filter>
    </ClInclude>
    <ClInclude Include="VectorNewtonRaphson.h">
      <Filter>Header Files</Filter>
    </ClInclude>
    <ClInclude Include="EulerParametersDot.h">
      <Filter>Header Files</Filter>
    </ClInclude>
    <ClInclude Include="CREATE.h">
      <Filter>Header Files</Filter>
    </ClInclude>
    <ClInclude Include="SingularMatrixError.h">
      <Filter>Header Files</Filter>
    </ClInclude>
    <ClInclude Include="EulerAngleszxz.h">
      <Filter>Header Files</Filter>
    </ClInclude>
    <ClInclude Include="GEFullMat.h">
      <Filter>Header Files</Filter>
    </ClInclude>
    <ClInclude Include="GEFullMatFullPv.h">
      <Filter>Header Files</Filter>
    </ClInclude>
    <ClInclude Include="GEFullMatParPv.h">
      <Filter>Header Files</Filter>
    </ClInclude>
    <ClInclude Include="ForceTorqueItem.h">
      <Filter>Header Files</Filter>
    </ClInclude>
    <ClInclude Include="resource.h">
      <Filter>Header Files</Filter>
    </ClInclude>
    <ClInclude Include="enum.h">
      <Filter>Header Files</Filter>
    </ClInclude>
    <ClInclude Include="RedundantConstraint.h">
      <Filter>Header Files</Filter>
    </ClInclude>
  </ItemGroup>
  <ItemGroup>
    <ResourceCompile Include="MbDCode.rc">
      <Filter>Resource Files</Filter>
    </ResourceCompile>
  </ItemGroup>
</Project>