<?xml version="1.0" encoding="utf-8"?>
<Project ToolsVersion="4.0" xmlns="http://schemas.microsoft.com/developer/msbuild/2003">
  <ItemGroup>
    <Filter Include="Source Files">
      <UniqueIdentifier>{4FC737F1-C7A5-4376-A066-2A32D752A2FF}</UniqueIdentifier>
      <Extensions>cpp;c;cc;cxx;c++;cppm;ixx;def;odl;idl;hpj;bat;asm;asmx</Extensions>
    </Filter>
    <Filter Include="Header Files">
      <UniqueIdentifier>{93995380-89BD-4b04-88EB-625FBE52EBFB}</UniqueIdentifier>
      <Extensions>h;hh;hpp;hxx;h++;hm;inl;inc;ipp;xsd</Extensions>
    </Filter>
    <Filter Include="Resource Files">
      <UniqueIdentifier>{67DA6AB6-F800-4c08-8B7A-83BB121AAD01}</UniqueIdentifier>
      <Extensions>rc;ico;cur;bmp;dlg;rc2;rct;bin;rgs;gif;jpg;jpeg;jpe;resx;tiff;tif;png;wav;mfcribbon-ms</Extensions>
    </Filter>
  </ItemGroup>
  <ItemGroup>
    <ClCompile Include="MbDCode.cpp">
      <Filter>Source Files</Filter>
    </ClCompile>
    <ClCompile Include="Array.cpp">
      <Filter>Source Files</Filter>
    </ClCompile>
    <ClCompile Include="Item.cpp">
      <Filter>Source Files</Filter>
    </ClCompile>
    <ClCompile Include="Solver.cpp">
      <Filter>Source Files</Filter>
    </ClCompile>
    <ClCompile Include="System.cpp">
      <Filter>Source Files</Filter>
    </ClCompile>
    <ClCompile Include="SystemSolver.cpp">
      <Filter>Source Files</Filter>
    </ClCompile>
    <ClCompile Include="NewtonRaphson.cpp">
      <Filter>Source Files</Filter>
    </ClCompile>
    <ClCompile Include="Joint.cpp">
      <Filter>Source Files</Filter>
    </ClCompile>
    <ClCompile Include="Part.cpp">
      <Filter>Source Files</Filter>
    </ClCompile>
    <ClCompile Include="FullColumn.cpp">
      <Filter>Source Files</Filter>
    </ClCompile>
    <ClCompile Include="PartFrame.cpp">
      <Filter>Source Files</Filter>
    </ClCompile>
    <ClCompile Include="AbsConstraint.cpp">
      <Filter>Source Files</Filter>
    </ClCompile>
    <ClCompile Include="CartesianFrame.cpp">
      <Filter>Source Files</Filter>
    </ClCompile>
    <ClCompile Include="Constraint.cpp">
      <Filter>Source Files</Filter>
    </ClCompile>
    <ClCompile Include="EulerConstraint.cpp">
      <Filter>Source Files</Filter>
    </ClCompile>
    <ClCompile Include="FullRow.cpp">
      <Filter>Source Files</Filter>
    </ClCompile>
    <ClCompile Include="MarkerFrame.cpp">
      <Filter>Source Files</Filter>
    </ClCompile>
    <ClCompile Include="DiagonalMatrix.cpp">
      <Filter>Source Files</Filter>
    </ClCompile>
    <ClCompile Include="FullMatrix.cpp">
      <Filter>Source Files</Filter>
    </ClCompile>
    <ClCompile Include="RowTypeMatrix.cpp">
      <Filter>Source Files</Filter>
    </ClCompile>
    <ClCompile Include="EndFramec.cpp">
      <Filter>Source Files</Filter>
    </ClCompile>
    <ClCompile Include="EndFrameqc.cpp">
      <Filter>Source Files</Filter>
    </ClCompile>
    <ClCompile Include="EndFrameqct.cpp">
      <Filter>Source Files</Filter>
    </ClCompile>
  </ItemGroup>
  <ItemGroup>
    <ClInclude Include="Array.h">
      <Filter>Header Files</Filter>
    </ClInclude>
    <ClInclude Include="Item.h">
      <Filter>Header Files</Filter>
    </ClInclude>
    <ClInclude Include="Solver.h">
      <Filter>Header Files</Filter>
    </ClInclude>
    <ClInclude Include="System.h">
      <Filter>Header Files</Filter>
    </ClInclude>
    <ClInclude Include="SystemSolver.h">
      <Filter>Header Files</Filter>
    </ClInclude>
    <ClInclude Include="NewtonRaphson.h">
      <Filter>Header Files</Filter>
    </ClInclude>
    <ClInclude Include="Joint.h">
      <Filter>Header Files</Filter>
    </ClInclude>
    <ClInclude Include="Part.h">
      <Filter>Header Files</Filter>
    </ClInclude>
    <ClInclude Include="FullColumn.h">
      <Filter>Header Files</Filter>
    </ClInclude>
    <ClInclude Include="PartFrame.h">
      <Filter>Header Files</Filter>
    </ClInclude>
    <ClInclude Include="AbsConstraint.h">
      <Filter>Header Files</Filter>
    </ClInclude>
    <ClInclude Include="CartesianFrame.h">
      <Filter>Header Files</Filter>
    </ClInclude>
    <ClInclude Include="Constraint.h">
      <Filter>Header Files</Filter>
    </ClInclude>
    <ClInclude Include="EulerConstraint.h">
      <Filter>Header Files</Filter>
    </ClInclude>
    <ClInclude Include="FullRow.h">
      <Filter>Header Files</Filter>
    </ClInclude>
    <ClInclude Include="MarkerFrame.h">
      <Filter>Header Files</Filter>
    </ClInclude>
    <ClInclude Include="DiagonalMatrix.h">
      <Filter>Header Files</Filter>
    </ClInclude>
    <ClInclude Include="FullMatrix.h">
      <Filter>Header Files</Filter>
    </ClInclude>
    <ClInclude Include="RowTypeMatrix.h">
      <Filter>Header Files</Filter>
    </ClInclude>
    <ClInclude Include="EndFramec.h">
      <Filter>Header Files</Filter>
    </ClInclude>
    <ClInclude Include="EndFrameqc.h">
      <Filter>Header Files</Filter>
    </ClInclude>
    <ClInclude Include="EndFrameqct.h">
      <Filter>Header Files</Filter>
    </ClInclude>
    <ClInclude Include="MbDCode.h">
      <Filter>Header Files</Filter>
    </ClInclude>
  </ItemGroup>
</Project>