
Microsoft Visual Studio Solution File, Format Version 12.00
# Visual Studio Version 16
VisualStudioVersion = 16.0.31410.357
MinimumVisualStudioVersion = 10.0.40219.1
Project("{8BC9CEB8-8B4A-11D0-8D11-00A0C91BC942}") = "FCStdThumbnail", "ThumbnailProvider.vcxproj", "{B4F22D8C-736E-46BF-85FB-259EF73EA0FC}"
EndProject
Global
	GlobalSection(SolutionConfigurationPlatforms) = preSolution
		Debug|x64 = Debug|x64
		Debug|x86 = Debug|x86
		Release|x64 = Release|x64
		Release|x86 = Release|x86
	EndGlobalSection
	GlobalSection(ProjectConfigurationPlatforms) = postSolution
		{B4F22D8C-736E-46BF-85FB-259EF73EA0FC}.Debug|x64.ActiveCfg = Debug|x64
		{B4F22D8C-736E-46BF-85FB-259EF73EA0FC}.Debug|x64.Build.0 = Debug|x64
		{B4F22D8C-736E-46BF-85FB-259EF73EA0FC}.Debug|x86.ActiveCfg = Debug|Win32
		{B4F22D8C-736E-46BF-85FB-259EF73EA0FC}.Debug|x86.Build.0 = Debug|Win32
		{B4F22D8C-736E-46BF-85FB-259EF73EA0FC}.Release|x64.ActiveCfg = Release|x64
		{B4F22D8C-736E-46BF-85FB-259EF73EA0FC}.Release|x64.Build.0 = Release|x64
		{B4F22D8C-736E-46BF-85FB-259EF73EA0FC}.Release|x86.ActiveCfg = Release|Win32
		{B4F22D8C-736E-46BF-85FB-259EF73EA0FC}.Release|x86.Build.0 = Release|Win32
	EndGlobalSection
	GlobalSection(SolutionProperties) = preSolution
		HideSolutionNode = FALSE
	EndGlobalSection
	GlobalSection(ExtensibilityGlobals) = postSolution
		SolutionGuid = {7336F399-F2B2-4F65-A701-52024EB9A7A0}
	EndGlobalSection
EndGlobal
